// !$*UTF8*$!
{
	archiveVersion = 1;
	classes = {
	};
	objectVersion = 77;
	objects = {

/* Begin PBXBuildFile section */
		04DDB5B3CC5F33EFA7EF227C /* RecordingService.swift in Sources */ = {isa = PBXBuildFile; fileRef = DE28718EC19A161B7B6256B8 /* RecordingService.swift */; };
		08F3DD2BC33E2F5C73BF965F /* DHCard.swift in Sources */ = {isa = PBXBuildFile; fileRef = 08F4E6016A9E66CAE4115EDD /* DHCard.swift */; };
		095DF65FA6F88F854209518B /* look_legacy01.deepar in CopyFiles */ = {isa = PBXBuildFile; fileRef = 42EE7539807C18A27917DF2C /* look_legacy01.deepar */; };
		0D00171D0CF9553190798188 /* eyelashes_natural.png in CopyFiles */ = {isa = PBXBuildFile; fileRef = 135CF27B332AB567A935E3F1 /* eyelashes_natural.png */; };
		0DDA242CB976D64552C4703E /* shadow.png in CopyFiles */ = {isa = PBXBuildFile; fileRef = C5D32426D75F1151F9561AC5 /* shadow.png */; };
		124E0061C0BC2740A19E8154 /* lut_soft.png in CopyFiles */ = {isa = PBXBuildFile; fileRef = 2CB44E7E81F82BDD61D38E7A /* lut_soft.png */; };
		16E8EA0727126040F0940210 /* FilterCategory.swift in Sources */ = {isa = PBXBuildFile; fileRef = A07C372D46745B2B38661FF3 /* FilterCategory.swift */; };
		1800B2D637206141971D7418 /* Shade.swift in Sources */ = {isa = PBXBuildFile; fileRef = 81E973E0B871A21B0A2A52D3 /* Shade.swift */; };
		18D2EDEC67500C3E1B2685FA /* GRWMStudioApp.swift in Sources */ = {isa = PBXBuildFile; fileRef = 503BD80C39FB5520C18E5B91 /* GRWMStudioApp.swift */; };
		1B209F1B9C86C0624787BBAF /* Shades+Base.swift in Sources */ = {isa = PBXBuildFile; fileRef = BBFC21DA4FC5818F6DC88E0C /* Shades+Base.swift */; };
		1C23C7AA8E7836697B388667 /* eyeliner_classic.png in CopyFiles */ = {isa = PBXBuildFile; fileRef = DA5E801A42C2F3996FAEC8AF /* eyeliner_classic.png */; };
		1CF31F8AB21E1BE158CD646A /* DeepARControllerBootstrapTests.swift in Sources */ = {isa = PBXBuildFile; fileRef = 733EC90AF38DBC6579223CBD /* DeepARControllerBootstrapTests.swift */; };
		1E8A7EFB01EFA649A0EF3BC3 /* EyesTrayView.swift in Sources */ = {isa = PBXBuildFile; fileRef = 33B4D75786E88E615D6143E3 /* EyesTrayView.swift */; };
		1EB608C2D122CD1AD80D6F71 /* Quicksand-Bold.ttf in Resources */ = {isa = PBXBuildFile; fileRef = DFDE84E743A5D49B7079EA09 /* Quicksand-Bold.ttf */; };
		1F78799D16F460476BD2912F /* DefaultPermissionsService.swift in Sources */ = {isa = PBXBuildFile; fileRef = 30BDD8C123F3283EE5617293 /* DefaultPermissionsService.swift */; };
		20EF096D6D11BAC66687FE35 /* DH+Color.swift in Sources */ = {isa = PBXBuildFile; fileRef = E8EE539AD707663BED29DBAA /* DH+Color.swift */; };
		23BE82819F1EA5FCAEA579A3 /* baseBeauty.png in CopyFiles */ = {isa = PBXBuildFile; fileRef = C864855B4C7D6BF81930D62A /* baseBeauty.png */; };
		2553F93440BF12F3280B5F54 /* EffectCatalogTests.swift in Sources */ = {isa = PBXBuildFile; fileRef = F58CE707234895BA156A2DCB /* EffectCatalogTests.swift */; };
		25C963199F15B3F99A0F4192 /* eyeliner.png in CopyFiles */ = {isa = PBXBuildFile; fileRef = ECA27149E6906AFA7487B6A8 /* eyeliner.png */; };
		26187129797773F0E04EAD72 /* manifest.json in CopyFiles */ = {isa = PBXBuildFile; fileRef = 7343E3534A7DE0BCC753B134 /* manifest.json */; };
		2B18D53A6A67CBD558914653 /* URL+Documents.swift in Sources */ = {isa = PBXBuildFile; fileRef = D5FED8DFC90B6D62C5B39367 /* URL+Documents.swift */; };
		2C34EB4871AF70731018813D /* DHTokensTests.swift in Sources */ = {isa = PBXBuildFile; fileRef = 8363BC67FABE968C805CC4B3 /* DHTokensTests.swift */; };
		2DF1C76511E729B61F5E41ED /* GRWMLogo.swift in Sources */ = {isa = PBXBuildFile; fileRef = 67DE9D864F5CD4ADAC6B687B /* GRWMLogo.swift */; };
		30F16AA226DEB8D74E821564 /* EffectParameterMap.swift in Sources */ = {isa = PBXBuildFile; fileRef = 9EB6C5F74DA6CE9EA2A67B42 /* EffectParameterMap.swift */; };
		31CFFF8BC1D5F80F1D8FCF02 /* AppPermissionStatus.swift in Sources */ = {isa = PBXBuildFile; fileRef = E75252126C4F475FEF381B01 /* AppPermissionStatus.swift */; };
		325AEE52E2D29C862240479A /* StickerHeart.swift in Sources */ = {isa = PBXBuildFile; fileRef = 1E1D57AA91FC9E5D20190631 /* StickerHeart.swift */; };
		33E0F275925F0FB81DEF741C /* StickerStar.swift in Sources */ = {isa = PBXBuildFile; fileRef = CAA1A95064129A2EB93F7502 /* StickerStar.swift */; };
		38B4C99A41B3D7ADC7EF8042 /* eyeshadow_basic.png in CopyFiles */ = {isa = PBXBuildFile; fileRef = CDDD1ED41FF361FAF2299E81 /* eyeshadow_basic.png */; };
		3E9B7DB09F68001167072DF0 /* AppEnvironment.swift in Sources */ = {isa = PBXBuildFile; fileRef = 4D67B9D91B985787DB196F53 /* AppEnvironment.swift */; };
		40913BB427E7D4731DCF1CD4 /* Logger+GRWM.swift in Sources */ = {isa = PBXBuildFile; fileRef = 9B043BD930A105B118373369 /* Logger+GRWM.swift */; };
		41FDA5E2783FBEA4A39BDC7F /* cheeks.png in CopyFiles */ = {isa = PBXBuildFile; fileRef = FF9CC4EB41EFE8F9E7DFBD47 /* cheeks.png */; };
		46AEC870F14F8D776E6C09ED /* look_legacy01.png in CopyFiles */ = {isa = PBXBuildFile; fileRef = 2FEA115F3DC7BF7ECC28DC7C /* look_legacy01.png */; };
		475FF88D8F84A1891F82084B /* DeepARControllerParameterTests.swift in Sources */ = {isa = PBXBuildFile; fileRef = 62E44E9225A2DF9188D5BF1E /* DeepARControllerParameterTests.swift */; };
		48A1BF761FFDFD8C5ABADF39 /* DeepARController+Parameters.swift in Sources */ = {isa = PBXBuildFile; fileRef = 5F11F80BF2A781CF8AA14DE7 /* DeepARController+Parameters.swift */; };
		4CA779BCA5540FB75C118A8A /* Shades+Eyes.swift in Sources */ = {isa = PBXBuildFile; fileRef = 8166C382E2B2372DFAE3B23D /* Shades+Eyes.swift */; };
		519BF781BF66EFC6ADA77713 /* PermRow.swift in Sources */ = {isa = PBXBuildFile; fileRef = 78C558272F9814E7825BC889 /* PermRow.swift */; };
		527CD9015B410166A7A8A6DB /* look_legacy02.png in CopyFiles */ = {isa = PBXBuildFile; fileRef = 79AC2D570879CC7CA211099B /* look_legacy02.png */; };
		5C15D1755F6DC63E2CCCBF1F /* GRWMStudioUITests.swift in Sources */ = {isa = PBXBuildFile; fileRef = E9E64AD90CB8AA6957534A94 /* GRWMStudioUITests.swift */; };
		5ED9C2082513C31FFCAFCC11 /* EffectParameter.swift in Sources */ = {isa = PBXBuildFile; fileRef = A86ECD439C1F53FF5C947E22 /* EffectParameter.swift */; };
		60194801A42F133914C531F1 /* eyeshadow_smokey.png in CopyFiles */ = {isa = PBXBuildFile; fileRef = 04571EAC7FE135649E32ED09 /* eyeshadow_smokey.png */; };
		6091042F28F1BD50A2500A52 /* CaptureServiceTests.swift in Sources */ = {isa = PBXBuildFile; fileRef = 116BFE195EF24C36D83D2276 /* CaptureServiceTests.swift */; };
		632B44213189DB33DEA376EE /* Fredoka-Medium.ttf in Resources */ = {isa = PBXBuildFile; fileRef = 4CBB1004F88430111E629DA4 /* Fredoka-Medium.ttf */; };
		66D296E3E80B25DE4A682848 /* PermissionsDeniedView.swift in Sources */ = {isa = PBXBuildFile; fileRef = 8F78C47B463A48FABE026C52 /* PermissionsDeniedView.swift */; };
		6C052DD2E427A6C2B4F5366B /* DHHaptics.swift in Sources */ = {isa = PBXBuildFile; fileRef = A06EF686867E7FA7B9D66550 /* DHHaptics.swift */; };
		6F30CCFE4C5EB81EC03859D9 /* EffectSlot.swift in Sources */ = {isa = PBXBuildFile; fileRef = 610FEB616B3436F330D5B37C /* EffectSlot.swift */; };
		71337A950998A0A1175144E9 /* SplashView.swift in Sources */ = {isa = PBXBuildFile; fileRef = 0B16955494AFCF013FFD049C /* SplashView.swift */; };
		7328FEE722FD4A566C5D1A17 /* MirrorState.swift in Sources */ = {isa = PBXBuildFile; fileRef = 41D3EE099B91E0423AECABC5 /* MirrorState.swift */; };
		75702078CD900D5C85A583B6 /* Concurrency+Extensions.swift in Sources */ = {isa = PBXBuildFile; fileRef = D53C4BA264FB2F0BC6AC4A32 /* Concurrency+Extensions.swift */; };
		765234480C28766F058036AD /* DeepARController+Recording.swift in Sources */ = {isa = PBXBuildFile; fileRef = 28A3BFFA4F5506B71E3C510C /* DeepARController+Recording.swift */; };
		79B00FB89F6DCA4DF7A33ED4 /* DH+ChunkyShadow.swift in Sources */ = {isa = PBXBuildFile; fileRef = DFEFBE084C76CD26A86B34B8 /* DH+ChunkyShadow.swift */; };
		79F595E03C1BC8032A2BB98D /* eyeliner_none.png in CopyFiles */ = {isa = PBXBuildFile; fileRef = 00B656B3CF36F3ABC99C855A /* eyeliner_none.png */; };
		7B6F546F148AD1327C802860 /* RootCoordinator.swift in Sources */ = {isa = PBXBuildFile; fileRef = 83F45FCC2FC8F25713B1524E /* RootCoordinator.swift */; };
		7D3FF7292903A32E234746FC /* DHWallpaper.swift in Sources */ = {isa = PBXBuildFile; fileRef = E441DC4BB243A8321854669A /* DHWallpaper.swift */; };
		7EF79EF347D8F95885442153 /* StickerFlower.swift in Sources */ = {isa = PBXBuildFile; fileRef = 2CC5BAA338D96DB9EF815B84 /* StickerFlower.swift */; };
		7FDE54C8812562F6E58CEC8E /* DeepARLicenseTests.swift in Sources */ = {isa = PBXBuildFile; fileRef = 01B7FE6884AADB7B47AAB7AF /* DeepARLicenseTests.swift */; };
		8040833576D7D9BC38A61B78 /* AppDelegate.swift in Sources */ = {isa = PBXBuildFile; fileRef = CCD20E57EA6BBE1D678D86BB /* AppDelegate.swift */; };
		8047AC02F4BB590FA56B5FD2 /* DHTabBar.swift in Sources */ = {isa = PBXBuildFile; fileRef = 221A387D41CC593F23F0463A /* DHTabBar.swift */; };
		8427AF7F1AD2BAAAA2372024 /* DeepARLicense.swift in Sources */ = {isa = PBXBuildFile; fileRef = A1DDE32365C12B30732193AA /* DeepARLicense.swift */; };
		8BC489AE4C14115066C88E63 /* MirrorViewModelTests.swift in Sources */ = {isa = PBXBuildFile; fileRef = B04F4830A66F0328263FA081 /* MirrorViewModelTests.swift */; };
		8C6A5E39EEA2D590B81F35A2 /* DeepAR in Frameworks */ = {isa = PBXBuildFile; productRef = 9DEF67174A07A925B0EF59D6 /* DeepAR */; };
		8C7D85770B6CB8FC2EAD7D1D /* noFilter.png in CopyFiles */ = {isa = PBXBuildFile; fileRef = 5689FD3614E6CE1BB6C0C8C3 /* noFilter.png */; };
		8F59D2B2DD31FE2D189FA9FD /* StickerBow.swift in Sources */ = {isa = PBXBuildFile; fileRef = 893009F8C8216D1B11711EF8 /* StickerBow.swift */; };
		921B72EC7927E48F6BFB9DE1 /* MakeupCategory.swift in Sources */ = {isa = PBXBuildFile; fileRef = AD2ADF117DCA3665BB8A8393 /* MakeupCategory.swift */; };
		9415F7FE3A9E019D25477E0E /* DeepARController.swift in Sources */ = {isa = PBXBuildFile; fileRef = 3129266168088884925A7CC4 /* DeepARController.swift */; };
		949D8F5474E191E2746C8690 /* lut_glam.png in CopyFiles */ = {isa = PBXBuildFile; fileRef = BD65C7021428380739D34C9B /* lut_glam.png */; };
		94E4E5FE229210AB8C3E5413 /* DeepARViewTests.swift in Sources */ = {isa = PBXBuildFile; fileRef = B4234637D1D41F546D13863E /* DeepARViewTests.swift */; };
		95AFEBCE5623260BF09A8D76 /* OnboardingState.swift in Sources */ = {isa = PBXBuildFile; fileRef = 72758F600E00EC23E45ABED2 /* OnboardingState.swift */; };
		98870F741D0975FADD6D7F68 /* Quicksand-Medium.ttf in Resources */ = {isa = PBXBuildFile; fileRef = 88DBC14F5B2F34243F954FE1 /* Quicksand-Medium.ttf */; };
		9B227DF304ABA2C3AB0CF894 /* RootContainer.swift in Sources */ = {isa = PBXBuildFile; fileRef = 1AA1EFDAE8487082E1A023FF /* RootContainer.swift */; };
		9DB0B0E618A1C82A298F7564 /* Fredoka-SemiBold.ttf in Resources */ = {isa = PBXBuildFile; fileRef = 8DDE88D73A863ECFBC5625F5 /* Fredoka-SemiBold.ttf */; };
		A3C0F02AF7A19A820ACECD87 /* eyeliner_winged.png in CopyFiles */ = {isa = PBXBuildFile; fileRef = 4305B706633CFFF0075CBB45 /* eyeliner_winged.png */; };
		A3EDB25296FCAA64B884DCF7 /* EffectCatalog.swift in Sources */ = {isa = PBXBuildFile; fileRef = 30F57E8DFFCF4C12C1CF6A05 /* EffectCatalog.swift */; };
		A528A87D755749FE1C990D3B /* DHButton.swift in Sources */ = {isa = PBXBuildFile; fileRef = 13D211B2767AFF359F546874 /* DHButton.swift */; };
		A8187C9267C114BC44BA9152 /* PermissionsView.swift in Sources */ = {isa = PBXBuildFile; fileRef = C6F08944FAB932F872FCC276 /* PermissionsView.swift */; };
		AA091675D06EA56A8D62354A /* MirrorView.swift in Sources */ = {isa = PBXBuildFile; fileRef = 10ED3FC6892310C07240BA42 /* MirrorView.swift */; };
		AC182FE4E08F66104B32FFDB /* ShadeTrayView.swift in Sources */ = {isa = PBXBuildFile; fileRef = B2CAE98BAC007E56F3E3E929 /* ShadeTrayView.swift */; };
		AD5D7034448EAED39A7AC9CC /* DeepARClient.swift in Sources */ = {isa = PBXBuildFile; fileRef = 54ED0D0EC3C275BE486A2F52 /* DeepARClient.swift */; };
		AD74E34BBD698F2D6728FAA6 /* WelcomeView.swift in Sources */ = {isa = PBXBuildFile; fileRef = 18BA57750E522F4B57E9C302 /* WelcomeView.swift */; };
		ADCFC682D7389A7A554D208A /* FilterRailView.swift in Sources */ = {isa = PBXBuildFile; fileRef = 4D1839F69BE023409EA86E07 /* FilterRailView.swift */; };
		B5D3D7E630ACCF82D4F1F937 /* EffectParameterMapTests.swift in Sources */ = {isa = PBXBuildFile; fileRef = 3C4604471A662FD0D9128B9D /* EffectParameterMapTests.swift */; };
		B6E1E1AEF4009CBA71B3C1DA /* MirrorChrome.swift in Sources */ = {isa = PBXBuildFile; fileRef = 2CF96972FBBAD00BB3CAD25D /* MirrorChrome.swift */; };
		B723CB8AB36EF8F12B1DFBB3 /* EffectFile.swift in Sources */ = {isa = PBXBuildFile; fileRef = 5E938A290AC30DF1198A2F2A /* EffectFile.swift */; };
		B87512D4385601B554F5C640 /* ShadeTests.swift in Sources */ = {isa = PBXBuildFile; fileRef = 44ACED8BADA1F0C77DBB8AF1 /* ShadeTests.swift */; };
		B8D31C9A93D643BD5E8461FB /* Quicksand-SemiBold.ttf in Resources */ = {isa = PBXBuildFile; fileRef = AE8F9C16088C7167B070E353 /* Quicksand-SemiBold.ttf */; };
		B990F364C775B0D2842F5EB1 /* look_legacy02.deepar in CopyFiles */ = {isa = PBXBuildFile; fileRef = 056D9293EAE75780F27C49DB /* look_legacy02.deepar */; };
		BA3619294D02D6F9E5873AF9 /* Fredoka-Regular.ttf in Resources */ = {isa = PBXBuildFile; fileRef = 3898CFC879661BDA5715FFCC /* Fredoka-Regular.ttf */; };
		BEA2F8AD291B3C4A500EA223 /* lipstick.png in CopyFiles */ = {isa = PBXBuildFile; fileRef = F81E22F49903D155C25263DE /* lipstick.png */; };
		C0A008C2DD8C344D0C7BB51D /* Assets.xcassets in Resources */ = {isa = PBXBuildFile; fileRef = 67CB30236678D50E4D8BA115 /* Assets.xcassets */; };
		C3B16D6FBE113D25D9C3D470 /* eyelashes_drama.png in CopyFiles */ = {isa = PBXBuildFile; fileRef = 3762331612665796AC7A7637 /* eyelashes_drama.png */; };
		C4E4C6AB8EB1F7FDF14337FF /* Quicksand-Regular.ttf in Resources */ = {isa = PBXBuildFile; fileRef = 7717AB86CE427901B61D44DC /* Quicksand-Regular.ttf */; };
		C69E6C6F9CE9E05AF268FE2A /* AppShell.swift in Sources */ = {isa = PBXBuildFile; fileRef = B43DE872D8CE0EFD6B557813 /* AppShell.swift */; };
		CC6F483929F02A1013C47963 /* DeepARView.swift in Sources */ = {isa = PBXBuildFile; fileRef = AAECB2E29E326501184B58A9 /* DeepARView.swift */; };
		CD5C730D99C20A8A67A63AED /* ProfileRecord.swift in Sources */ = {isa = PBXBuildFile; fileRef = D42B4180E5BC94F2A07CFBFB /* ProfileRecord.swift */; };
		D0E69847C47B20ECCFCEA03F /* MakeupShade.swift in Sources */ = {isa = PBXBuildFile; fileRef = 71177722F2DDB9FC87FA4E4C /* MakeupShade.swift */; };
		D0FCC04C1D9359EEE5CEF1BB /* lut_glow.png in CopyFiles */ = {isa = PBXBuildFile; fileRef = 408499017F9D17AED4F1B6A0 /* lut_glow.png */; };
		D4011D6B13EB41FC78E7FCCD /* CaptureService.swift in Sources */ = {isa = PBXBuildFile; fileRef = 27404CCB96EE563E725C9A98 /* CaptureService.swift */; };
		D483121AF654372FF86840ED /* ProfileRecordTests.swift in Sources */ = {isa = PBXBuildFile; fileRef = 1393CC36E6316BE411EB860A /* ProfileRecordTests.swift */; };
		D9058B2A6584BDC9E6B71B48 /* Fredoka-Bold.ttf in Resources */ = {isa = PBXBuildFile; fileRef = 36A20A809AC7BB05AC58C5E9 /* Fredoka-Bold.ttf */; };
		D9D98AF53A48AF09809E96C2 /* OnboardingStateTests.swift in Sources */ = {isa = PBXBuildFile; fileRef = 66F2635EC159BE740ED08A5B /* OnboardingStateTests.swift */; };
		DA1A5E58CC40E2706A08B246 /* FilterCategoryTests.swift in Sources */ = {isa = PBXBuildFile; fileRef = 89D0C686C76CB7AEC9ACC8DE /* FilterCategoryTests.swift */; };
		DA55E6417580B1611745B07D /* LaunchScreen.storyboard in Resources */ = {isa = PBXBuildFile; fileRef = 5F646E912EEE5AA431A778FF /* LaunchScreen.storyboard */; };
		DAE610C70DE2E31DB5C43A7C /* PermissionsService.swift in Sources */ = {isa = PBXBuildFile; fileRef = 836AF9B238A751CB43B7643C /* PermissionsService.swift */; };
		DC4174F0367628361C82AA14 /* PermissionsServiceTests.swift in Sources */ = {isa = PBXBuildFile; fileRef = A26D467971A6379875D90F32 /* PermissionsServiceTests.swift */; };
		DC57D49E81A1F266FA0E7236 /* DeepARControllerEffectTests.swift in Sources */ = {isa = PBXBuildFile; fileRef = 5941F02C76D8ECF0C86DE257 /* DeepARControllerEffectTests.swift */; };
		DCEFD5C9D85346DF5C80D167 /* DeepARDelegateProxy.swift in Sources */ = {isa = PBXBuildFile; fileRef = D5BC23C3C712C4C00DDB8CA4 /* DeepARDelegateProxy.swift */; };
		E1E0921F0C20DDCD7D17F849 /* DeepARControllerRecordingTests.swift in Sources */ = {isa = PBXBuildFile; fileRef = 7B5A8EC77CF58CA2EE8D5A6A /* DeepARControllerRecordingTests.swift */; };
		E334D88D8F881B2B5127FCDE /* baseBeauty.deepar in CopyFiles */ = {isa = PBXBuildFile; fileRef = FEEFFA2DB46DB0F562C1ECE5 /* baseBeauty.deepar */; };
		E3A28A70055DE0D59E4C5E6C /* eyelashes_doll.png in CopyFiles */ = {isa = PBXBuildFile; fileRef = E8EBEEA65D673E4619983BBA /* eyelashes_doll.png */; };
		E579A26DEE4F300DEA6E4270 /* eyeliner_double_flick.png in CopyFiles */ = {isa = PBXBuildFile; fileRef = AB7D1FD35AC2DA7FE3A47100 /* eyeliner_double_flick.png */; };
		E6F66FDDB90BFE67CD070990 /* AppModelContainer.swift in Sources */ = {isa = PBXBuildFile; fileRef = B8970E72BA8C9A80F8709EF5 /* AppModelContainer.swift */; };
		E85099929E6688B19E0DB0E3 /* eyelashes_none.png in CopyFiles */ = {isa = PBXBuildFile; fileRef = 0223412256CBF5F63222106A /* eyelashes_none.png */; };
		E98942651A6E054EDBA27D74 /* StickerSparkle.swift in Sources */ = {isa = PBXBuildFile; fileRef = A52100C15AC1F3AD6747329A /* StickerSparkle.swift */; };
		E9ED7EAB2EE43A474B465C19 /* brows.png in CopyFiles */ = {isa = PBXBuildFile; fileRef = E71D00F40AEDBE5021960897 /* brows.png */; };
		EAA01F75F8F118959E11F95B /* GRWMStudioTests.swift in Sources */ = {isa = PBXBuildFile; fileRef = A9F840C372620E9C72E727EC /* GRWMStudioTests.swift */; };
		EDFF469B66D685262FCE81F3 /* DH+Tokens.swift in Sources */ = {isa = PBXBuildFile; fileRef = EA09F418180E8EF00CE83AD0 /* DH+Tokens.swift */; };
		EE65D90F35B9641BE5708449 /* MirrorViewModel.swift in Sources */ = {isa = PBXBuildFile; fileRef = D58C7667346BC0EC2C9E7FE4 /* MirrorViewModel.swift */; };
		F4DFC1A552907B2F58E8153A /* DH+Fonts.swift in Sources */ = {isa = PBXBuildFile; fileRef = D5A16D5E83B67577C1380959 /* DH+Fonts.swift */; };
		F5E33B184140C7689A2797FE /* SlotSelection.swift in Sources */ = {isa = PBXBuildFile; fileRef = 81BD9E808A5ECF675350EC72 /* SlotSelection.swift */; };
		F99AF7FE261407C5A3AA42BE /* DHChip.swift in Sources */ = {isa = PBXBuildFile; fileRef = 7106DD365B22C90F28A98A3B /* DHChip.swift */; };
		FD6E10A1C4B681FD5D981A0C /* ParentInfoView.swift in Sources */ = {isa = PBXBuildFile; fileRef = E30B1C2E989AE8B4BA935BCC /* ParentInfoView.swift */; };
		FEDD34ADA971035A527AB7BB /* Shades+Skin.swift in Sources */ = {isa = PBXBuildFile; fileRef = 573CDC0F1EE5B91F5CF8363E /* Shades+Skin.swift */; };
/* End PBXBuildFile section */

/* Begin PBXContainerItemProxy section */
		5EA33C961619590F3B33C1E9 /* PBXContainerItemProxy */ = {
			isa = PBXContainerItemProxy;
			containerPortal = A2025FA7C86AC19AB26FB6BE /* Project object */;
			proxyType = 1;
			remoteGlobalIDString = 2E1F08A02DDB466A6B9F47FC;
			remoteInfo = GRWMStudio;
		};
		AF85EC2919CE439D4716A05E /* PBXContainerItemProxy */ = {
			isa = PBXContainerItemProxy;
			containerPortal = A2025FA7C86AC19AB26FB6BE /* Project object */;
			proxyType = 1;
			remoteGlobalIDString = 2E1F08A02DDB466A6B9F47FC;
			remoteInfo = GRWMStudio;
		};
/* End PBXContainerItemProxy section */

/* Begin PBXCopyFilesBuildPhase section */
		55C0C51020105DF8215B6E87 /* CopyFiles */ = {
			isa = PBXCopyFilesBuildPhase;
			buildActionMask = 2147483647;
			dstPath = Effects/thumbnails;
			dstSubfolderSpec = 7;
			files = (
				23BE82819F1EA5FCAEA579A3 /* baseBeauty.png in CopyFiles */,
				E9ED7EAB2EE43A474B465C19 /* brows.png in CopyFiles */,
				41FDA5E2783FBEA4A39BDC7F /* cheeks.png in CopyFiles */,
				25C963199F15B3F99A0F4192 /* eyeliner.png in CopyFiles */,
				BEA2F8AD291B3C4A500EA223 /* lipstick.png in CopyFiles */,
				46AEC870F14F8D776E6C09ED /* look_legacy01.png in CopyFiles */,
				527CD9015B410166A7A8A6DB /* look_legacy02.png in CopyFiles */,
				8C7D85770B6CB8FC2EAD7D1D /* noFilter.png in CopyFiles */,
				0DDA242CB976D64552C4703E /* shadow.png in CopyFiles */,
			);
			runOnlyForDeploymentPostprocessing = 0;
		};
		5636A5E3EE25C7DA09823075 /* CopyFiles */ = {
			isa = PBXCopyFilesBuildPhase;
			buildActionMask = 2147483647;
			dstPath = Effects;
			dstSubfolderSpec = 7;
			files = (
				E334D88D8F881B2B5127FCDE /* baseBeauty.deepar in CopyFiles */,
				095DF65FA6F88F854209518B /* look_legacy01.deepar in CopyFiles */,
				B990F364C775B0D2842F5EB1 /* look_legacy02.deepar in CopyFiles */,
				26187129797773F0E04EAD72 /* manifest.json in CopyFiles */,
			);
			runOnlyForDeploymentPostprocessing = 0;
		};
		C0DFAC007E059A34EDDA7486 /* CopyFiles */ = {
			isa = PBXCopyFilesBuildPhase;
			buildActionMask = 2147483647;
			dstPath = Effects/luts;
			dstSubfolderSpec = 7;
			files = (
				949D8F5474E191E2746C8690 /* lut_glam.png in CopyFiles */,
				D0FCC04C1D9359EEE5CEF1BB /* lut_glow.png in CopyFiles */,
				124E0061C0BC2740A19E8154 /* lut_soft.png in CopyFiles */,
			);
			runOnlyForDeploymentPostprocessing = 0;
		};
		C11C208F764B56B1CC794199 /* CopyFiles */ = {
			isa = PBXCopyFilesBuildPhase;
			buildActionMask = 2147483647;
			dstPath = Effects/textures;
			dstSubfolderSpec = 7;
			files = (
				E3A28A70055DE0D59E4C5E6C /* eyelashes_doll.png in CopyFiles */,
				C3B16D6FBE113D25D9C3D470 /* eyelashes_drama.png in CopyFiles */,
				0D00171D0CF9553190798188 /* eyelashes_natural.png in CopyFiles */,
				E85099929E6688B19E0DB0E3 /* eyelashes_none.png in CopyFiles */,
				1C23C7AA8E7836697B388667 /* eyeliner_classic.png in CopyFiles */,
				E579A26DEE4F300DEA6E4270 /* eyeliner_double_flick.png in CopyFiles */,
				79F595E03C1BC8032A2BB98D /* eyeliner_none.png in CopyFiles */,
				A3C0F02AF7A19A820ACECD87 /* eyeliner_winged.png in CopyFiles */,
				38B4C99A41B3D7ADC7EF8042 /* eyeshadow_basic.png in CopyFiles */,
				60194801A42F133914C531F1 /* eyeshadow_smokey.png in CopyFiles */,
			);
			runOnlyForDeploymentPostprocessing = 0;
		};
/* End PBXCopyFilesBuildPhase section */

/* Begin PBXFileReference section */
		00B656B3CF36F3ABC99C855A /* eyeliner_none.png */ = {isa = PBXFileReference; lastKnownFileType = image.png; path = eyeliner_none.png; sourceTree = "<group>"; };
		01B7FE6884AADB7B47AAB7AF /* DeepARLicenseTests.swift */ = {isa = PBXFileReference; lastKnownFileType = sourcecode.swift; path = DeepARLicenseTests.swift; sourceTree = "<group>"; };
		0223412256CBF5F63222106A /* eyelashes_none.png */ = {isa = PBXFileReference; lastKnownFileType = image.png; path = eyelashes_none.png; sourceTree = "<group>"; };
		04571EAC7FE135649E32ED09 /* eyeshadow_smokey.png */ = {isa = PBXFileReference; lastKnownFileType = image.png; path = eyeshadow_smokey.png; sourceTree = "<group>"; };
		056D9293EAE75780F27C49DB /* look_legacy02.deepar */ = {isa = PBXFileReference; path = look_legacy02.deepar; sourceTree = "<group>"; };
		08F4E6016A9E66CAE4115EDD /* DHCard.swift */ = {isa = PBXFileReference; lastKnownFileType = sourcecode.swift; path = DHCard.swift; sourceTree = "<group>"; };
		0B16955494AFCF013FFD049C /* SplashView.swift */ = {isa = PBXFileReference; lastKnownFileType = sourcecode.swift; path = SplashView.swift; sourceTree = "<group>"; };
		10ED3FC6892310C07240BA42 /* MirrorView.swift */ = {isa = PBXFileReference; lastKnownFileType = sourcecode.swift; path = MirrorView.swift; sourceTree = "<group>"; };
		116BFE195EF24C36D83D2276 /* CaptureServiceTests.swift */ = {isa = PBXFileReference; lastKnownFileType = sourcecode.swift; path = CaptureServiceTests.swift; sourceTree = "<group>"; };
		135CF27B332AB567A935E3F1 /* eyelashes_natural.png */ = {isa = PBXFileReference; lastKnownFileType = image.png; path = eyelashes_natural.png; sourceTree = "<group>"; };
		1393CC36E6316BE411EB860A /* ProfileRecordTests.swift */ = {isa = PBXFileReference; lastKnownFileType = sourcecode.swift; path = ProfileRecordTests.swift; sourceTree = "<group>"; };
		13D211B2767AFF359F546874 /* DHButton.swift */ = {isa = PBXFileReference; lastKnownFileType = sourcecode.swift; path = DHButton.swift; sourceTree = "<group>"; };
		18BA57750E522F4B57E9C302 /* WelcomeView.swift */ = {isa = PBXFileReference; lastKnownFileType = sourcecode.swift; path = WelcomeView.swift; sourceTree = "<group>"; };
		1AA1EFDAE8487082E1A023FF /* RootContainer.swift */ = {isa = PBXFileReference; lastKnownFileType = sourcecode.swift; path = RootContainer.swift; sourceTree = "<group>"; };
		1E1D57AA91FC9E5D20190631 /* StickerHeart.swift */ = {isa = PBXFileReference; lastKnownFileType = sourcecode.swift; path = StickerHeart.swift; sourceTree = "<group>"; };
		221A387D41CC593F23F0463A /* DHTabBar.swift */ = {isa = PBXFileReference; lastKnownFileType = sourcecode.swift; path = DHTabBar.swift; sourceTree = "<group>"; };
		27404CCB96EE563E725C9A98 /* CaptureService.swift */ = {isa = PBXFileReference; lastKnownFileType = sourcecode.swift; path = CaptureService.swift; sourceTree = "<group>"; };
		28A3BFFA4F5506B71E3C510C /* DeepARController+Recording.swift */ = {isa = PBXFileReference; lastKnownFileType = sourcecode.swift; path = "DeepARController+Recording.swift"; sourceTree = "<group>"; };
		2CB44E7E81F82BDD61D38E7A /* lut_soft.png */ = {isa = PBXFileReference; lastKnownFileType = image.png; path = lut_soft.png; sourceTree = "<group>"; };
		2CC5BAA338D96DB9EF815B84 /* StickerFlower.swift */ = {isa = PBXFileReference; lastKnownFileType = sourcecode.swift; path = StickerFlower.swift; sourceTree = "<group>"; };
		2CF96972FBBAD00BB3CAD25D /* MirrorChrome.swift */ = {isa = PBXFileReference; lastKnownFileType = sourcecode.swift; path = MirrorChrome.swift; sourceTree = "<group>"; };
		2FEA115F3DC7BF7ECC28DC7C /* look_legacy01.png */ = {isa = PBXFileReference; lastKnownFileType = image.png; path = look_legacy01.png; sourceTree = "<group>"; };
		30BDD8C123F3283EE5617293 /* DefaultPermissionsService.swift */ = {isa = PBXFileReference; lastKnownFileType = sourcecode.swift; path = DefaultPermissionsService.swift; sourceTree = "<group>"; };
		30F57E8DFFCF4C12C1CF6A05 /* EffectCatalog.swift */ = {isa = PBXFileReference; lastKnownFileType = sourcecode.swift; path = EffectCatalog.swift; sourceTree = "<group>"; };
		3129266168088884925A7CC4 /* DeepARController.swift */ = {isa = PBXFileReference; lastKnownFileType = sourcecode.swift; path = DeepARController.swift; sourceTree = "<group>"; };
		33B4D75786E88E615D6143E3 /* EyesTrayView.swift */ = {isa = PBXFileReference; lastKnownFileType = sourcecode.swift; path = EyesTrayView.swift; sourceTree = "<group>"; };
		36A20A809AC7BB05AC58C5E9 /* Fredoka-Bold.ttf */ = {isa = PBXFileReference; lastKnownFileType = file; path = "Fredoka-Bold.ttf"; sourceTree = "<group>"; };
		3762331612665796AC7A7637 /* eyelashes_drama.png */ = {isa = PBXFileReference; lastKnownFileType = image.png; path = eyelashes_drama.png; sourceTree = "<group>"; };
		3898CFC879661BDA5715FFCC /* Fredoka-Regular.ttf */ = {isa = PBXFileReference; lastKnownFileType = file; path = "Fredoka-Regular.ttf"; sourceTree = "<group>"; };
		3C4604471A662FD0D9128B9D /* EffectParameterMapTests.swift */ = {isa = PBXFileReference; lastKnownFileType = sourcecode.swift; path = EffectParameterMapTests.swift; sourceTree = "<group>"; };
		408499017F9D17AED4F1B6A0 /* lut_glow.png */ = {isa = PBXFileReference; lastKnownFileType = image.png; path = lut_glow.png; sourceTree = "<group>"; };
		41D3EE099B91E0423AECABC5 /* MirrorState.swift */ = {isa = PBXFileReference; lastKnownFileType = sourcecode.swift; path = MirrorState.swift; sourceTree = "<group>"; };
		42EE7539807C18A27917DF2C /* look_legacy01.deepar */ = {isa = PBXFileReference; path = look_legacy01.deepar; sourceTree = "<group>"; };
		4305B706633CFFF0075CBB45 /* eyeliner_winged.png */ = {isa = PBXFileReference; lastKnownFileType = image.png; path = eyeliner_winged.png; sourceTree = "<group>"; };
		44ACED8BADA1F0C77DBB8AF1 /* ShadeTests.swift */ = {isa = PBXFileReference; lastKnownFileType = sourcecode.swift; path = ShadeTests.swift; sourceTree = "<group>"; };
		4CBB1004F88430111E629DA4 /* Fredoka-Medium.ttf */ = {isa = PBXFileReference; lastKnownFileType = file; path = "Fredoka-Medium.ttf"; sourceTree = "<group>"; };
		4D1839F69BE023409EA86E07 /* FilterRailView.swift */ = {isa = PBXFileReference; lastKnownFileType = sourcecode.swift; path = FilterRailView.swift; sourceTree = "<group>"; };
		4D67B9D91B985787DB196F53 /* AppEnvironment.swift */ = {isa = PBXFileReference; lastKnownFileType = sourcecode.swift; path = AppEnvironment.swift; sourceTree = "<group>"; };
		503BD80C39FB5520C18E5B91 /* GRWMStudioApp.swift */ = {isa = PBXFileReference; lastKnownFileType = sourcecode.swift; path = GRWMStudioApp.swift; sourceTree = "<group>"; };
		54ED0D0EC3C275BE486A2F52 /* DeepARClient.swift */ = {isa = PBXFileReference; lastKnownFileType = sourcecode.swift; path = DeepARClient.swift; sourceTree = "<group>"; };
		5689FD3614E6CE1BB6C0C8C3 /* noFilter.png */ = {isa = PBXFileReference; lastKnownFileType = image.png; path = noFilter.png; sourceTree = "<group>"; };
		573CDC0F1EE5B91F5CF8363E /* Shades+Skin.swift */ = {isa = PBXFileReference; lastKnownFileType = sourcecode.swift; path = "Shades+Skin.swift"; sourceTree = "<group>"; };
		5941F02C76D8ECF0C86DE257 /* DeepARControllerEffectTests.swift */ = {isa = PBXFileReference; lastKnownFileType = sourcecode.swift; path = DeepARControllerEffectTests.swift; sourceTree = "<group>"; };
		5E938A290AC30DF1198A2F2A /* EffectFile.swift */ = {isa = PBXFileReference; lastKnownFileType = sourcecode.swift; path = EffectFile.swift; sourceTree = "<group>"; };
		5F11F80BF2A781CF8AA14DE7 /* DeepARController+Parameters.swift */ = {isa = PBXFileReference; lastKnownFileType = sourcecode.swift; path = "DeepARController+Parameters.swift"; sourceTree = "<group>"; };
		5F646E912EEE5AA431A778FF /* LaunchScreen.storyboard */ = {isa = PBXFileReference; lastKnownFileType = file.storyboard; path = LaunchScreen.storyboard; sourceTree = "<group>"; };
		610FEB616B3436F330D5B37C /* EffectSlot.swift */ = {isa = PBXFileReference; lastKnownFileType = sourcecode.swift; path = EffectSlot.swift; sourceTree = "<group>"; };
		62E44E9225A2DF9188D5BF1E /* DeepARControllerParameterTests.swift */ = {isa = PBXFileReference; lastKnownFileType = sourcecode.swift; path = DeepARControllerParameterTests.swift; sourceTree = "<group>"; };
		66F2635EC159BE740ED08A5B /* OnboardingStateTests.swift */ = {isa = PBXFileReference; lastKnownFileType = sourcecode.swift; path = OnboardingStateTests.swift; sourceTree = "<group>"; };
		67CB30236678D50E4D8BA115 /* Assets.xcassets */ = {isa = PBXFileReference; lastKnownFileType = folder.assetcatalog; path = Assets.xcassets; sourceTree = "<group>"; };
		67DE9D864F5CD4ADAC6B687B /* GRWMLogo.swift */ = {isa = PBXFileReference; lastKnownFileType = sourcecode.swift; path = GRWMLogo.swift; sourceTree = "<group>"; };
		7106DD365B22C90F28A98A3B /* DHChip.swift */ = {isa = PBXFileReference; lastKnownFileType = sourcecode.swift; path = DHChip.swift; sourceTree = "<group>"; };
		71177722F2DDB9FC87FA4E4C /* MakeupShade.swift */ = {isa = PBXFileReference; lastKnownFileType = sourcecode.swift; path = MakeupShade.swift; sourceTree = "<group>"; };
		72758F600E00EC23E45ABED2 /* OnboardingState.swift */ = {isa = PBXFileReference; lastKnownFileType = sourcecode.swift; path = OnboardingState.swift; sourceTree = "<group>"; };
		733EC90AF38DBC6579223CBD /* DeepARControllerBootstrapTests.swift */ = {isa = PBXFileReference; lastKnownFileType = sourcecode.swift; path = DeepARControllerBootstrapTests.swift; sourceTree = "<group>"; };
		7343E3534A7DE0BCC753B134 /* manifest.json */ = {isa = PBXFileReference; lastKnownFileType = text.json; path = manifest.json; sourceTree = "<group>"; };
		7717AB86CE427901B61D44DC /* Quicksand-Regular.ttf */ = {isa = PBXFileReference; lastKnownFileType = file; path = "Quicksand-Regular.ttf"; sourceTree = "<group>"; };
		78C558272F9814E7825BC889 /* PermRow.swift */ = {isa = PBXFileReference; lastKnownFileType = sourcecode.swift; path = PermRow.swift; sourceTree = "<group>"; };
		79AC2D570879CC7CA211099B /* look_legacy02.png */ = {isa = PBXFileReference; lastKnownFileType = image.png; path = look_legacy02.png; sourceTree = "<group>"; };
		7B5A8EC77CF58CA2EE8D5A6A /* DeepARControllerRecordingTests.swift */ = {isa = PBXFileReference; lastKnownFileType = sourcecode.swift; path = DeepARControllerRecordingTests.swift; sourceTree = "<group>"; };
		8166C382E2B2372DFAE3B23D /* Shades+Eyes.swift */ = {isa = PBXFileReference; lastKnownFileType = sourcecode.swift; path = "Shades+Eyes.swift"; sourceTree = "<group>"; };
		81BD9E808A5ECF675350EC72 /* SlotSelection.swift */ = {isa = PBXFileReference; lastKnownFileType = sourcecode.swift; path = SlotSelection.swift; sourceTree = "<group>"; };
		81E973E0B871A21B0A2A52D3 /* Shade.swift */ = {isa = PBXFileReference; lastKnownFileType = sourcecode.swift; path = Shade.swift; sourceTree = "<group>"; };
		8363BC67FABE968C805CC4B3 /* DHTokensTests.swift */ = {isa = PBXFileReference; lastKnownFileType = sourcecode.swift; path = DHTokensTests.swift; sourceTree = "<group>"; };
		836AF9B238A751CB43B7643C /* PermissionsService.swift */ = {isa = PBXFileReference; lastKnownFileType = sourcecode.swift; path = PermissionsService.swift; sourceTree = "<group>"; };
		83F45FCC2FC8F25713B1524E /* RootCoordinator.swift */ = {isa = PBXFileReference; lastKnownFileType = sourcecode.swift; path = RootCoordinator.swift; sourceTree = "<group>"; };
		86929B6B53CF58E628E130D8 /* GRWMStudioUITests.xctest */ = {isa = PBXFileReference; includeInIndex = 0; lastKnownFileType = wrapper.cfbundle; path = GRWMStudioUITests.xctest; sourceTree = BUILT_PRODUCTS_DIR; };
		88DBC14F5B2F34243F954FE1 /* Quicksand-Medium.ttf */ = {isa = PBXFileReference; lastKnownFileType = file; path = "Quicksand-Medium.ttf"; sourceTree = "<group>"; };
		893009F8C8216D1B11711EF8 /* StickerBow.swift */ = {isa = PBXFileReference; lastKnownFileType = sourcecode.swift; path = StickerBow.swift; sourceTree = "<group>"; };
		89D0C686C76CB7AEC9ACC8DE /* FilterCategoryTests.swift */ = {isa = PBXFileReference; lastKnownFileType = sourcecode.swift; path = FilterCategoryTests.swift; sourceTree = "<group>"; };
		8DDE88D73A863ECFBC5625F5 /* Fredoka-SemiBold.ttf */ = {isa = PBXFileReference; lastKnownFileType = file; path = "Fredoka-SemiBold.ttf"; sourceTree = "<group>"; };
		8F78C47B463A48FABE026C52 /* PermissionsDeniedView.swift */ = {isa = PBXFileReference; lastKnownFileType = sourcecode.swift; path = PermissionsDeniedView.swift; sourceTree = "<group>"; };
		9B043BD930A105B118373369 /* Logger+GRWM.swift */ = {isa = PBXFileReference; lastKnownFileType = sourcecode.swift; path = "Logger+GRWM.swift"; sourceTree = "<group>"; };
		9EB6C5F74DA6CE9EA2A67B42 /* EffectParameterMap.swift */ = {isa = PBXFileReference; lastKnownFileType = sourcecode.swift; path = EffectParameterMap.swift; sourceTree = "<group>"; };
		A06EF686867E7FA7B9D66550 /* DHHaptics.swift */ = {isa = PBXFileReference; lastKnownFileType = sourcecode.swift; path = DHHaptics.swift; sourceTree = "<group>"; };
		A07C372D46745B2B38661FF3 /* FilterCategory.swift */ = {isa = PBXFileReference; lastKnownFileType = sourcecode.swift; path = FilterCategory.swift; sourceTree = "<group>"; };
		A1DDE32365C12B30732193AA /* DeepARLicense.swift */ = {isa = PBXFileReference; lastKnownFileType = sourcecode.swift; path = DeepARLicense.swift; sourceTree = "<group>"; };
		A26D467971A6379875D90F32 /* PermissionsServiceTests.swift */ = {isa = PBXFileReference; lastKnownFileType = sourcecode.swift; path = PermissionsServiceTests.swift; sourceTree = "<group>"; };
		A52100C15AC1F3AD6747329A /* StickerSparkle.swift */ = {isa = PBXFileReference; lastKnownFileType = sourcecode.swift; path = StickerSparkle.swift; sourceTree = "<group>"; };
		A86ECD439C1F53FF5C947E22 /* EffectParameter.swift */ = {isa = PBXFileReference; lastKnownFileType = sourcecode.swift; path = EffectParameter.swift; sourceTree = "<group>"; };
		A9F840C372620E9C72E727EC /* GRWMStudioTests.swift */ = {isa = PBXFileReference; lastKnownFileType = sourcecode.swift; path = GRWMStudioTests.swift; sourceTree = "<group>"; };
		AAECB2E29E326501184B58A9 /* DeepARView.swift */ = {isa = PBXFileReference; lastKnownFileType = sourcecode.swift; path = DeepARView.swift; sourceTree = "<group>"; };
		AB7D1FD35AC2DA7FE3A47100 /* eyeliner_double_flick.png */ = {isa = PBXFileReference; lastKnownFileType = image.png; path = eyeliner_double_flick.png; sourceTree = "<group>"; };
		AD2ADF117DCA3665BB8A8393 /* MakeupCategory.swift */ = {isa = PBXFileReference; lastKnownFileType = sourcecode.swift; path = MakeupCategory.swift; sourceTree = "<group>"; };
		AE8F9C16088C7167B070E353 /* Quicksand-SemiBold.ttf */ = {isa = PBXFileReference; lastKnownFileType = file; path = "Quicksand-SemiBold.ttf"; sourceTree = "<group>"; };
		B04F4830A66F0328263FA081 /* MirrorViewModelTests.swift */ = {isa = PBXFileReference; lastKnownFileType = sourcecode.swift; path = MirrorViewModelTests.swift; sourceTree = "<group>"; };
		B2CAE98BAC007E56F3E3E929 /* ShadeTrayView.swift */ = {isa = PBXFileReference; lastKnownFileType = sourcecode.swift; path = ShadeTrayView.swift; sourceTree = "<group>"; };
		B4234637D1D41F546D13863E /* DeepARViewTests.swift */ = {isa = PBXFileReference; lastKnownFileType = sourcecode.swift; path = DeepARViewTests.swift; sourceTree = "<group>"; };
		B43DE872D8CE0EFD6B557813 /* AppShell.swift */ = {isa = PBXFileReference; lastKnownFileType = sourcecode.swift; path = AppShell.swift; sourceTree = "<group>"; };
		B8970E72BA8C9A80F8709EF5 /* AppModelContainer.swift */ = {isa = PBXFileReference; lastKnownFileType = sourcecode.swift; path = AppModelContainer.swift; sourceTree = "<group>"; };
		BBFC21DA4FC5818F6DC88E0C /* Shades+Base.swift */ = {isa = PBXFileReference; lastKnownFileType = sourcecode.swift; path = "Shades+Base.swift"; sourceTree = "<group>"; };
		BD65C7021428380739D34C9B /* lut_glam.png */ = {isa = PBXFileReference; lastKnownFileType = image.png; path = lut_glam.png; sourceTree = "<group>"; };
		C5D32426D75F1151F9561AC5 /* shadow.png */ = {isa = PBXFileReference; lastKnownFileType = image.png; path = shadow.png; sourceTree = "<group>"; };
		C6F08944FAB932F872FCC276 /* PermissionsView.swift */ = {isa = PBXFileReference; lastKnownFileType = sourcecode.swift; path = PermissionsView.swift; sourceTree = "<group>"; };
		C864855B4C7D6BF81930D62A /* baseBeauty.png */ = {isa = PBXFileReference; lastKnownFileType = image.png; path = baseBeauty.png; sourceTree = "<group>"; };
		C9BB786A31544390072EF3CD /* GRWMStudioTests.xctest */ = {isa = PBXFileReference; includeInIndex = 0; lastKnownFileType = wrapper.cfbundle; path = GRWMStudioTests.xctest; sourceTree = BUILT_PRODUCTS_DIR; };
		CAA1A95064129A2EB93F7502 /* StickerStar.swift */ = {isa = PBXFileReference; lastKnownFileType = sourcecode.swift; path = StickerStar.swift; sourceTree = "<group>"; };
		CCD20E57EA6BBE1D678D86BB /* AppDelegate.swift */ = {isa = PBXFileReference; lastKnownFileType = sourcecode.swift; path = AppDelegate.swift; sourceTree = "<group>"; };
		CD0278E1339612085DDDEBE0 /* Release.xcconfig */ = {isa = PBXFileReference; lastKnownFileType = text.xcconfig; path = Release.xcconfig; sourceTree = "<group>"; };
		CDDD1ED41FF361FAF2299E81 /* eyeshadow_basic.png */ = {isa = PBXFileReference; lastKnownFileType = image.png; path = eyeshadow_basic.png; sourceTree = "<group>"; };
		D42B4180E5BC94F2A07CFBFB /* ProfileRecord.swift */ = {isa = PBXFileReference; lastKnownFileType = sourcecode.swift; path = ProfileRecord.swift; sourceTree = "<group>"; };
		D53C4BA264FB2F0BC6AC4A32 /* Concurrency+Extensions.swift */ = {isa = PBXFileReference; lastKnownFileType = sourcecode.swift; path = "Concurrency+Extensions.swift"; sourceTree = "<group>"; };
		D58C7667346BC0EC2C9E7FE4 /* MirrorViewModel.swift */ = {isa = PBXFileReference; lastKnownFileType = sourcecode.swift; path = MirrorViewModel.swift; sourceTree = "<group>"; };
		D5A16D5E83B67577C1380959 /* DH+Fonts.swift */ = {isa = PBXFileReference; lastKnownFileType = sourcecode.swift; path = "DH+Fonts.swift"; sourceTree = "<group>"; };
		D5BC23C3C712C4C00DDB8CA4 /* DeepARDelegateProxy.swift */ = {isa = PBXFileReference; lastKnownFileType = sourcecode.swift; path = DeepARDelegateProxy.swift; sourceTree = "<group>"; };
		D5FED8DFC90B6D62C5B39367 /* URL+Documents.swift */ = {isa = PBXFileReference; lastKnownFileType = sourcecode.swift; path = "URL+Documents.swift"; sourceTree = "<group>"; };
		DA5E801A42C2F3996FAEC8AF /* eyeliner_classic.png */ = {isa = PBXFileReference; lastKnownFileType = image.png; path = eyeliner_classic.png; sourceTree = "<group>"; };
		DE28718EC19A161B7B6256B8 /* RecordingService.swift */ = {isa = PBXFileReference; lastKnownFileType = sourcecode.swift; path = RecordingService.swift; sourceTree = "<group>"; };
		DF454D14E2FFA94365BA70A0 /* Debug.xcconfig */ = {isa = PBXFileReference; lastKnownFileType = text.xcconfig; path = Debug.xcconfig; sourceTree = "<group>"; };
		DFDE84E743A5D49B7079EA09 /* Quicksand-Bold.ttf */ = {isa = PBXFileReference; lastKnownFileType = file; path = "Quicksand-Bold.ttf"; sourceTree = "<group>"; };
		DFEFBE084C76CD26A86B34B8 /* DH+ChunkyShadow.swift */ = {isa = PBXFileReference; lastKnownFileType = sourcecode.swift; path = "DH+ChunkyShadow.swift"; sourceTree = "<group>"; };
		E30B1C2E989AE8B4BA935BCC /* ParentInfoView.swift */ = {isa = PBXFileReference; lastKnownFileType = sourcecode.swift; path = ParentInfoView.swift; sourceTree = "<group>"; };
		E441DC4BB243A8321854669A /* DHWallpaper.swift */ = {isa = PBXFileReference; lastKnownFileType = sourcecode.swift; path = DHWallpaper.swift; sourceTree = "<group>"; };
		E71D00F40AEDBE5021960897 /* brows.png */ = {isa = PBXFileReference; lastKnownFileType = image.png; path = brows.png; sourceTree = "<group>"; };
		E75252126C4F475FEF381B01 /* AppPermissionStatus.swift */ = {isa = PBXFileReference; lastKnownFileType = sourcecode.swift; path = AppPermissionStatus.swift; sourceTree = "<group>"; };
		E8EBEEA65D673E4619983BBA /* eyelashes_doll.png */ = {isa = PBXFileReference; lastKnownFileType = image.png; path = eyelashes_doll.png; sourceTree = "<group>"; };
		E8EE539AD707663BED29DBAA /* DH+Color.swift */ = {isa = PBXFileReference; lastKnownFileType = sourcecode.swift; path = "DH+Color.swift"; sourceTree = "<group>"; };
		E9E64AD90CB8AA6957534A94 /* GRWMStudioUITests.swift */ = {isa = PBXFileReference; lastKnownFileType = sourcecode.swift; path = GRWMStudioUITests.swift; sourceTree = "<group>"; };
		EA09F418180E8EF00CE83AD0 /* DH+Tokens.swift */ = {isa = PBXFileReference; lastKnownFileType = sourcecode.swift; path = "DH+Tokens.swift"; sourceTree = "<group>"; };
		EB96D3405D78A0561EA1F0AF /* GRWMStudio.app */ = {isa = PBXFileReference; includeInIndex = 0; lastKnownFileType = wrapper.application; path = GRWMStudio.app; sourceTree = BUILT_PRODUCTS_DIR; };
		ECA27149E6906AFA7487B6A8 /* eyeliner.png */ = {isa = PBXFileReference; lastKnownFileType = image.png; path = eyeliner.png; sourceTree = "<group>"; };
		F58CE707234895BA156A2DCB /* EffectCatalogTests.swift */ = {isa = PBXFileReference; lastKnownFileType = sourcecode.swift; path = EffectCatalogTests.swift; sourceTree = "<group>"; };
		F81E22F49903D155C25263DE /* lipstick.png */ = {isa = PBXFileReference; lastKnownFileType = image.png; path = lipstick.png; sourceTree = "<group>"; };
		FEEFFA2DB46DB0F562C1ECE5 /* baseBeauty.deepar */ = {isa = PBXFileReference; path = baseBeauty.deepar; sourceTree = "<group>"; };
		FF9CC4EB41EFE8F9E7DFBD47 /* cheeks.png */ = {isa = PBXFileReference; lastKnownFileType = image.png; path = cheeks.png; sourceTree = "<group>"; };
/* End PBXFileReference section */

/* Begin PBXFrameworksBuildPhase section */
		03DDFC5EB91AF5605CB92CEC /* Frameworks */ = {
			isa = PBXFrameworksBuildPhase;
			buildActionMask = 2147483647;
			files = (
				8C6A5E39EEA2D590B81F35A2 /* DeepAR in Frameworks */,
			);
			runOnlyForDeploymentPostprocessing = 0;
		};
/* End PBXFrameworksBuildPhase section */

/* Begin PBXGroup section */
		0A3AC64F1C029DD5373D4683 /* DesignSystem */ = {
			isa = PBXGroup;
			children = (
				8363BC67FABE968C805CC4B3 /* DHTokensTests.swift */,
			);
			path = DesignSystem;
			sourceTree = "<group>";
		};
		0F48319150D1E6ED27568D31 /* Onboarding */ = {
			isa = PBXGroup;
			children = (
				66F2635EC159BE740ED08A5B /* OnboardingStateTests.swift */,
			);
			path = Onboarding;
			sourceTree = "<group>";
		};
		1543995EBC351ABED275A51F /* textures */ = {
			isa = PBXGroup;
			children = (
				E8EBEEA65D673E4619983BBA /* eyelashes_doll.png */,
				3762331612665796AC7A7637 /* eyelashes_drama.png */,
				135CF27B332AB567A935E3F1 /* eyelashes_natural.png */,
				0223412256CBF5F63222106A /* eyelashes_none.png */,
				DA5E801A42C2F3996FAEC8AF /* eyeliner_classic.png */,
				AB7D1FD35AC2DA7FE3A47100 /* eyeliner_double_flick.png */,
				00B656B3CF36F3ABC99C855A /* eyeliner_none.png */,
				4305B706633CFFF0075CBB45 /* eyeliner_winged.png */,
				CDDD1ED41FF361FAF2299E81 /* eyeshadow_basic.png */,
				04571EAC7FE135649E32ED09 /* eyeshadow_smokey.png */,
			);
			path = textures;
			sourceTree = "<group>";
		};
		17815A28FB4EA66FD13AEA62 = {
			isa = PBXGroup;
			children = (
				535FCD7580A705C9C432658F /* Config */,
				7E9DBC102265BA95053F104A /* GRWMStudio */,
				35691EE1D805C8B885C40010 /* GRWMStudioTests */,
				F57AAE1B00D8008F270FFD47 /* GRWMStudioUITests */,
				FB9A548A4C58104381E19DE3 /* Products */,
			);
			sourceTree = "<group>";
		};
		1856E43C21F0DE495D560864 /* DeepAR */ = {
			isa = PBXGroup;
			children = (
				54ED0D0EC3C275BE486A2F52 /* DeepARClient.swift */,
				3129266168088884925A7CC4 /* DeepARController.swift */,
				5F11F80BF2A781CF8AA14DE7 /* DeepARController+Parameters.swift */,
				28A3BFFA4F5506B71E3C510C /* DeepARController+Recording.swift */,
				D5BC23C3C712C4C00DDB8CA4 /* DeepARDelegateProxy.swift */,
				A1DDE32365C12B30732193AA /* DeepARLicense.swift */,
				AAECB2E29E326501184B58A9 /* DeepARView.swift */,
				30F57E8DFFCF4C12C1CF6A05 /* EffectCatalog.swift */,
				5E938A290AC30DF1198A2F2A /* EffectFile.swift */,
				A86ECD439C1F53FF5C947E22 /* EffectParameter.swift */,
				9EB6C5F74DA6CE9EA2A67B42 /* EffectParameterMap.swift */,
				610FEB616B3436F330D5B37C /* EffectSlot.swift */,
				AD2ADF117DCA3665BB8A8393 /* MakeupCategory.swift */,
				71177722F2DDB9FC87FA4E4C /* MakeupShade.swift */,
				DE28718EC19A161B7B6256B8 /* RecordingService.swift */,
			);
			path = DeepAR;
			sourceTree = "<group>";
		};
		1887E0BF8A2E5C4085F5C364 /* thumbnails */ = {
			isa = PBXGroup;
			children = (
				C864855B4C7D6BF81930D62A /* baseBeauty.png */,
				E71D00F40AEDBE5021960897 /* brows.png */,
				FF9CC4EB41EFE8F9E7DFBD47 /* cheeks.png */,
				ECA27149E6906AFA7487B6A8 /* eyeliner.png */,
				F81E22F49903D155C25263DE /* lipstick.png */,
				2FEA115F3DC7BF7ECC28DC7C /* look_legacy01.png */,
				79AC2D570879CC7CA211099B /* look_legacy02.png */,
				5689FD3614E6CE1BB6C0C8C3 /* noFilter.png */,
				C5D32426D75F1151F9561AC5 /* shadow.png */,
			);
			path = thumbnails;
			sourceTree = "<group>";
		};
		29EE459A880492A90D704EBE /* DesignSystem */ = {
			isa = PBXGroup;
			children = (
				DFEFBE084C76CD26A86B34B8 /* DH+ChunkyShadow.swift */,
				E8EE539AD707663BED29DBAA /* DH+Color.swift */,
				D5A16D5E83B67577C1380959 /* DH+Fonts.swift */,
				EA09F418180E8EF00CE83AD0 /* DH+Tokens.swift */,
				13D211B2767AFF359F546874 /* DHButton.swift */,
				08F4E6016A9E66CAE4115EDD /* DHCard.swift */,
				7106DD365B22C90F28A98A3B /* DHChip.swift */,
				A06EF686867E7FA7B9D66550 /* DHHaptics.swift */,
				221A387D41CC593F23F0463A /* DHTabBar.swift */,
				E441DC4BB243A8321854669A /* DHWallpaper.swift */,
				D92A5EA8E2B1EE81CECA336E /* Stickers */,
			);
			path = DesignSystem;
			sourceTree = "<group>";
		};
		322DBD4C113A738A4E28F066 /* App */ = {
			isa = PBXGroup;
			children = (
				CCD20E57EA6BBE1D678D86BB /* AppDelegate.swift */,
				4D67B9D91B985787DB196F53 /* AppEnvironment.swift */,
				B43DE872D8CE0EFD6B557813 /* AppShell.swift */,
				503BD80C39FB5520C18E5B91 /* GRWMStudioApp.swift */,
				1AA1EFDAE8487082E1A023FF /* RootContainer.swift */,
				83F45FCC2FC8F25713B1524E /* RootCoordinator.swift */,
			);
			path = App;
			sourceTree = "<group>";
		};
		35691EE1D805C8B885C40010 /* GRWMStudioTests */ = {
			isa = PBXGroup;
			children = (
				A9F840C372620E9C72E727EC /* GRWMStudioTests.swift */,
				573077F4EEC4B2F01A980BBF /* Capture */,
				D2F6467826E99E8C1A10F2B5 /* DeepAR */,
				0A3AC64F1C029DD5373D4683 /* DesignSystem */,
				D37CFD7D5B6C385F4FB5D846 /* Mirror */,
				0F48319150D1E6ED27568D31 /* Onboarding */,
				EA5CD952999A93C7679C2A59 /* Permissions */,
				BAB671FBF528DC5C74EAD7D1 /* Persistence */,
			);
			path = GRWMStudioTests;
			sourceTree = "<group>";
		};
		3DE1D7572561F9470B143F08 /* Onboarding */ = {
			isa = PBXGroup;
			children = (
				72758F600E00EC23E45ABED2 /* OnboardingState.swift */,
				E30B1C2E989AE8B4BA935BCC /* ParentInfoView.swift */,
				8F78C47B463A48FABE026C52 /* PermissionsDeniedView.swift */,
				C6F08944FAB932F872FCC276 /* PermissionsView.swift */,
				78C558272F9814E7825BC889 /* PermRow.swift */,
				0B16955494AFCF013FFD049C /* SplashView.swift */,
				18BA57750E522F4B57E9C302 /* WelcomeView.swift */,
			);
			path = Onboarding;
			sourceTree = "<group>";
		};
		51CB23B090FC06420E2B62A7 /* Utilities */ = {
			isa = PBXGroup;
			children = (
				D53C4BA264FB2F0BC6AC4A32 /* Concurrency+Extensions.swift */,
				9B043BD930A105B118373369 /* Logger+GRWM.swift */,
				D5FED8DFC90B6D62C5B39367 /* URL+Documents.swift */,
			);
			path = Utilities;
			sourceTree = "<group>";
		};
		535FCD7580A705C9C432658F /* Config */ = {
			isa = PBXGroup;
			children = (
				DF454D14E2FFA94365BA70A0 /* Debug.xcconfig */,
				CD0278E1339612085DDDEBE0 /* Release.xcconfig */,
			);
			path = Config;
			sourceTree = "<group>";
		};
		573077F4EEC4B2F01A980BBF /* Capture */ = {
			isa = PBXGroup;
			children = (
				116BFE195EF24C36D83D2276 /* CaptureServiceTests.swift */,
			);
			path = Capture;
			sourceTree = "<group>";
		};
		748D406B1C5333F2F3D372C3 /* luts */ = {
			isa = PBXGroup;
			children = (
				BD65C7021428380739D34C9B /* lut_glam.png */,
				408499017F9D17AED4F1B6A0 /* lut_glow.png */,
				2CB44E7E81F82BDD61D38E7A /* lut_soft.png */,
			);
			path = luts;
			sourceTree = "<group>";
		};
		7E9DBC102265BA95053F104A /* GRWMStudio */ = {
			isa = PBXGroup;
			children = (
				322DBD4C113A738A4E28F066 /* App */,
				BC45D209D14BA80AA9A3ABE3 /* Capture */,
				1856E43C21F0DE495D560864 /* DeepAR */,
				29EE459A880492A90D704EBE /* DesignSystem */,
				806952685AB83A501CB7EB0F /* Mirror */,
				3DE1D7572561F9470B143F08 /* Onboarding */,
				F3D8926139F1F430A18E8150 /* Permissions */,
				DC09C75263DE4AEECC51545B /* Persistence */,
				AA738BCAA887B227C0AA18B5 /* Resources */,
				51CB23B090FC06420E2B62A7 /* Utilities */,
			);
			path = GRWMStudio;
			sourceTree = "<group>";
		};
		806952685AB83A501CB7EB0F /* Mirror */ = {
			isa = PBXGroup;
			children = (
				33B4D75786E88E615D6143E3 /* EyesTrayView.swift */,
				A07C372D46745B2B38661FF3 /* FilterCategory.swift */,
				4D1839F69BE023409EA86E07 /* FilterRailView.swift */,
				2CF96972FBBAD00BB3CAD25D /* MirrorChrome.swift */,
				41D3EE099B91E0423AECABC5 /* MirrorState.swift */,
				10ED3FC6892310C07240BA42 /* MirrorView.swift */,
				D58C7667346BC0EC2C9E7FE4 /* MirrorViewModel.swift */,
				81E973E0B871A21B0A2A52D3 /* Shade.swift */,
				BBFC21DA4FC5818F6DC88E0C /* Shades+Base.swift */,
				8166C382E2B2372DFAE3B23D /* Shades+Eyes.swift */,
				573CDC0F1EE5B91F5CF8363E /* Shades+Skin.swift */,
				B2CAE98BAC007E56F3E3E929 /* ShadeTrayView.swift */,
				81BD9E808A5ECF675350EC72 /* SlotSelection.swift */,
			);
			path = Mirror;
			sourceTree = "<group>";
		};
		AA738BCAA887B227C0AA18B5 /* Resources */ = {
			isa = PBXGroup;
			children = (
				67CB30236678D50E4D8BA115 /* Assets.xcassets */,
				5F646E912EEE5AA431A778FF /* LaunchScreen.storyboard */,
				E0B65DF5659ED1DFA0C0A332 /* Effects */,
				F05ED27ECE889EFBC98C74D8 /* Fonts */,
			);
			path = Resources;
			sourceTree = "<group>";
		};
		BAB671FBF528DC5C74EAD7D1 /* Persistence */ = {
			isa = PBXGroup;
			children = (
				1393CC36E6316BE411EB860A /* ProfileRecordTests.swift */,
			);
			path = Persistence;
			sourceTree = "<group>";
		};
		BC45D209D14BA80AA9A3ABE3 /* Capture */ = {
			isa = PBXGroup;
			children = (
				27404CCB96EE563E725C9A98 /* CaptureService.swift */,
			);
			path = Capture;
			sourceTree = "<group>";
		};
		D2F6467826E99E8C1A10F2B5 /* DeepAR */ = {
			isa = PBXGroup;
			children = (
				733EC90AF38DBC6579223CBD /* DeepARControllerBootstrapTests.swift */,
				5941F02C76D8ECF0C86DE257 /* DeepARControllerEffectTests.swift */,
				62E44E9225A2DF9188D5BF1E /* DeepARControllerParameterTests.swift */,
				7B5A8EC77CF58CA2EE8D5A6A /* DeepARControllerRecordingTests.swift */,
				01B7FE6884AADB7B47AAB7AF /* DeepARLicenseTests.swift */,
				B4234637D1D41F546D13863E /* DeepARViewTests.swift */,
				F58CE707234895BA156A2DCB /* EffectCatalogTests.swift */,
				3C4604471A662FD0D9128B9D /* EffectParameterMapTests.swift */,
			);
			path = DeepAR;
			sourceTree = "<group>";
		};
		D37CFD7D5B6C385F4FB5D846 /* Mirror */ = {
			isa = PBXGroup;
			children = (
				89D0C686C76CB7AEC9ACC8DE /* FilterCategoryTests.swift */,
				B04F4830A66F0328263FA081 /* MirrorViewModelTests.swift */,
				44ACED8BADA1F0C77DBB8AF1 /* ShadeTests.swift */,
			);
			path = Mirror;
			sourceTree = "<group>";
		};
		D92A5EA8E2B1EE81CECA336E /* Stickers */ = {
			isa = PBXGroup;
			children = (
				67DE9D864F5CD4ADAC6B687B /* GRWMLogo.swift */,
				893009F8C8216D1B11711EF8 /* StickerBow.swift */,
				2CC5BAA338D96DB9EF815B84 /* StickerFlower.swift */,
				1E1D57AA91FC9E5D20190631 /* StickerHeart.swift */,
				A52100C15AC1F3AD6747329A /* StickerSparkle.swift */,
				CAA1A95064129A2EB93F7502 /* StickerStar.swift */,
			);
			path = Stickers;
			sourceTree = "<group>";
		};
		DC09C75263DE4AEECC51545B /* Persistence */ = {
			isa = PBXGroup;
			children = (
				B8970E72BA8C9A80F8709EF5 /* AppModelContainer.swift */,
				D42B4180E5BC94F2A07CFBFB /* ProfileRecord.swift */,
			);
			path = Persistence;
			sourceTree = "<group>";
		};
		E0B65DF5659ED1DFA0C0A332 /* Effects */ = {
			isa = PBXGroup;
			children = (
				FEEFFA2DB46DB0F562C1ECE5 /* baseBeauty.deepar */,
				42EE7539807C18A27917DF2C /* look_legacy01.deepar */,
				056D9293EAE75780F27C49DB /* look_legacy02.deepar */,
				7343E3534A7DE0BCC753B134 /* manifest.json */,
				748D406B1C5333F2F3D372C3 /* luts */,
				1543995EBC351ABED275A51F /* textures */,
				1887E0BF8A2E5C4085F5C364 /* thumbnails */,
			);
			path = Effects;
			sourceTree = "<group>";
		};
		EA5CD952999A93C7679C2A59 /* Permissions */ = {
			isa = PBXGroup;
			children = (
				A26D467971A6379875D90F32 /* PermissionsServiceTests.swift */,
			);
			path = Permissions;
			sourceTree = "<group>";
		};
		F05ED27ECE889EFBC98C74D8 /* Fonts */ = {
			isa = PBXGroup;
			children = (
				36A20A809AC7BB05AC58C5E9 /* Fredoka-Bold.ttf */,
				4CBB1004F88430111E629DA4 /* Fredoka-Medium.ttf */,
				3898CFC879661BDA5715FFCC /* Fredoka-Regular.ttf */,
				8DDE88D73A863ECFBC5625F5 /* Fredoka-SemiBold.ttf */,
				DFDE84E743A5D49B7079EA09 /* Quicksand-Bold.ttf */,
				88DBC14F5B2F34243F954FE1 /* Quicksand-Medium.ttf */,
				7717AB86CE427901B61D44DC /* Quicksand-Regular.ttf */,
				AE8F9C16088C7167B070E353 /* Quicksand-SemiBold.ttf */,
			);
			path = Fonts;
			sourceTree = "<group>";
		};
		F3D8926139F1F430A18E8150 /* Permissions */ = {
			isa = PBXGroup;
			children = (
				E75252126C4F475FEF381B01 /* AppPermissionStatus.swift */,
				30BDD8C123F3283EE5617293 /* DefaultPermissionsService.swift */,
				836AF9B238A751CB43B7643C /* PermissionsService.swift */,
			);
			path = Permissions;
			sourceTree = "<group>";
		};
		F57AAE1B00D8008F270FFD47 /* GRWMStudioUITests */ = {
			isa = PBXGroup;
			children = (
				E9E64AD90CB8AA6957534A94 /* GRWMStudioUITests.swift */,
			);
			path = GRWMStudioUITests;
			sourceTree = "<group>";
		};
		FB9A548A4C58104381E19DE3 /* Products */ = {
			isa = PBXGroup;
			children = (
				EB96D3405D78A0561EA1F0AF /* GRWMStudio.app */,
				C9BB786A31544390072EF3CD /* GRWMStudioTests.xctest */,
				86929B6B53CF58E628E130D8 /* GRWMStudioUITests.xctest */,
			);
			name = Products;
			sourceTree = "<group>";
		};
/* End PBXGroup section */

/* Begin PBXNativeTarget section */
		2E1F08A02DDB466A6B9F47FC /* GRWMStudio */ = {
			isa = PBXNativeTarget;
			buildConfigurationList = 8B84C32CE3DD54986DB91D7D /* Build configuration list for PBXNativeTarget "GRWMStudio" */;
			buildPhases = (
				581C1B9288C450B253456AE9 /* SwiftLint */,
				9846BBA5142EA350BC38869B /* Sources */,
				1490A50B5373B071E599650F /* Resources */,
				5636A5E3EE25C7DA09823075 /* CopyFiles */,
				C11C208F764B56B1CC794199 /* CopyFiles */,
				55C0C51020105DF8215B6E87 /* CopyFiles */,
				C0DFAC007E059A34EDDA7486 /* CopyFiles */,
				03DDFC5EB91AF5605CB92CEC /* Frameworks */,
			);
			buildRules = (
			);
			dependencies = (
			);
			name = GRWMStudio;
			packageProductDependencies = (
				9DEF67174A07A925B0EF59D6 /* DeepAR */,
			);
			productName = GRWMStudio;
			productReference = EB96D3405D78A0561EA1F0AF /* GRWMStudio.app */;
			productType = "com.apple.product-type.application";
		};
		B9D5AE14F9121C8DAFB2AB5B /* GRWMStudioUITests */ = {
			isa = PBXNativeTarget;
			buildConfigurationList = 71829CC610789A5FD23FC2C2 /* Build configuration list for PBXNativeTarget "GRWMStudioUITests" */;
			buildPhases = (
				D6C310171F33AB457671A0E1 /* Sources */,
			);
			buildRules = (
			);
			dependencies = (
				91D8AF8A892A939518EDAFB9 /* PBXTargetDependency */,
			);
			name = GRWMStudioUITests;
			packageProductDependencies = (
			);
			productName = GRWMStudioUITests;
			productReference = 86929B6B53CF58E628E130D8 /* GRWMStudioUITests.xctest */;
			productType = "com.apple.product-type.bundle.ui-testing";
		};
		C0231A2978FD6F39B4B16797 /* GRWMStudioTests */ = {
			isa = PBXNativeTarget;
			buildConfigurationList = F4DD6DFF2749E91D0C651DB3 /* Build configuration list for PBXNativeTarget "GRWMStudioTests" */;
			buildPhases = (
				869A8ACDA39D94D1842A549B /* Sources */,
			);
			buildRules = (
			);
			dependencies = (
				112ED13C2486D56C7AA9AB4F /* PBXTargetDependency */,
			);
			name = GRWMStudioTests;
			packageProductDependencies = (
			);
			productName = GRWMStudioTests;
			productReference = C9BB786A31544390072EF3CD /* GRWMStudioTests.xctest */;
			productType = "com.apple.product-type.bundle.unit-test";
		};
/* End PBXNativeTarget section */

/* Begin PBXProject section */
		A2025FA7C86AC19AB26FB6BE /* Project object */ = {
			isa = PBXProject;
			attributes = {
				BuildIndependentTargetsInParallel = YES;
				LastUpgradeCheck = 1430;
				TargetAttributes = {
					2E1F08A02DDB466A6B9F47FC = {
						DevelopmentTeam = 84D222Q647;
						ProvisioningStyle = Automatic;
					};
					B9D5AE14F9121C8DAFB2AB5B = {
						DevelopmentTeam = 84D222Q647;
						TestTargetID = 2E1F08A02DDB466A6B9F47FC;
					};
					C0231A2978FD6F39B4B16797 = {
						DevelopmentTeam = 84D222Q647;
					};
				};
			};
			buildConfigurationList = 6714271872FAD029F5492DFA /* Build configuration list for PBXProject "GRWMStudio" */;
			developmentRegion = en;
			hasScannedForEncodings = 0;
			knownRegions = (
				Base,
				en,
			);
			mainGroup = 17815A28FB4EA66FD13AEA62;
			minimizedProjectReferenceProxies = 1;
			packageReferences = (
				89511AE3E9D1F05A5798D280 /* XCRemoteSwiftPackageReference "swift-deepar" */,
			);
			preferredProjectObjectVersion = 77;
			productRefGroup = FB9A548A4C58104381E19DE3 /* Products */;
			projectDirPath = "";
			projectRoot = "";
			targets = (
				2E1F08A02DDB466A6B9F47FC /* GRWMStudio */,
				C0231A2978FD6F39B4B16797 /* GRWMStudioTests */,
				B9D5AE14F9121C8DAFB2AB5B /* GRWMStudioUITests */,
			);
		};
/* End PBXProject section */

/* Begin PBXResourcesBuildPhase section */
		1490A50B5373B071E599650F /* Resources */ = {
			isa = PBXResourcesBuildPhase;
			buildActionMask = 2147483647;
			files = (
				C0A008C2DD8C344D0C7BB51D /* Assets.xcassets in Resources */,
				D9058B2A6584BDC9E6B71B48 /* Fredoka-Bold.ttf in Resources */,
				632B44213189DB33DEA376EE /* Fredoka-Medium.ttf in Resources */,
				BA3619294D02D6F9E5873AF9 /* Fredoka-Regular.ttf in Resources */,
				9DB0B0E618A1C82A298F7564 /* Fredoka-SemiBold.ttf in Resources */,
				DA55E6417580B1611745B07D /* LaunchScreen.storyboard in Resources */,
				1EB608C2D122CD1AD80D6F71 /* Quicksand-Bold.ttf in Resources */,
				98870F741D0975FADD6D7F68 /* Quicksand-Medium.ttf in Resources */,
				C4E4C6AB8EB1F7FDF14337FF /* Quicksand-Regular.ttf in Resources */,
				B8D31C9A93D643BD5E8461FB /* Quicksand-SemiBold.ttf in Resources */,
			);
			runOnlyForDeploymentPostprocessing = 0;
		};
/* End PBXResourcesBuildPhase section */

/* Begin PBXShellScriptBuildPhase section */
		581C1B9288C450B253456AE9 /* SwiftLint */ = {
			isa = PBXShellScriptBuildPhase;
			alwaysOutOfDate = 1;
			buildActionMask = 2147483647;
			files = (
			);
			inputFileListPaths = (
			);
			inputPaths = (
				"${SRCROOT}/.swiftlint.yml",
			);
			name = SwiftLint;
			outputFileListPaths = (
			);
			outputPaths = (
			);
			runOnlyForDeploymentPostprocessing = 0;
			shellPath = /bin/sh;
			shellScript = "if which swiftlint > /dev/null; then\n  swiftlint --strict --config \"${SRCROOT}/.swiftlint.yml\"\nelse\n  echo \"warning: SwiftLint not installed. brew install swiftlint\"\nfi\n";
		};
/* End PBXShellScriptBuildPhase section */

/* Begin PBXSourcesBuildPhase section */
		869A8ACDA39D94D1842A549B /* Sources */ = {
			isa = PBXSourcesBuildPhase;
			buildActionMask = 2147483647;
			files = (
				6091042F28F1BD50A2500A52 /* CaptureServiceTests.swift in Sources */,
				2C34EB4871AF70731018813D /* DHTokensTests.swift in Sources */,
				1CF31F8AB21E1BE158CD646A /* DeepARControllerBootstrapTests.swift in Sources */,
				DC57D49E81A1F266FA0E7236 /* DeepARControllerEffectTests.swift in Sources */,
				475FF88D8F84A1891F82084B /* DeepARControllerParameterTests.swift in Sources */,
				E1E0921F0C20DDCD7D17F849 /* DeepARControllerRecordingTests.swift in Sources */,
				7FDE54C8812562F6E58CEC8E /* DeepARLicenseTests.swift in Sources */,
				94E4E5FE229210AB8C3E5413 /* DeepARViewTests.swift in Sources */,
				2553F93440BF12F3280B5F54 /* EffectCatalogTests.swift in Sources */,
				B5D3D7E630ACCF82D4F1F937 /* EffectParameterMapTests.swift in Sources */,
				DA1A5E58CC40E2706A08B246 /* FilterCategoryTests.swift in Sources */,
				EAA01F75F8F118959E11F95B /* GRWMStudioTests.swift in Sources */,
				8BC489AE4C14115066C88E63 /* MirrorViewModelTests.swift in Sources */,
				D9D98AF53A48AF09809E96C2 /* OnboardingStateTests.swift in Sources */,
				DC4174F0367628361C82AA14 /* PermissionsServiceTests.swift in Sources */,
				D483121AF654372FF86840ED /* ProfileRecordTests.swift in Sources */,
				B87512D4385601B554F5C640 /* ShadeTests.swift in Sources */,
			);
			runOnlyForDeploymentPostprocessing = 0;
		};
		9846BBA5142EA350BC38869B /* Sources */ = {
			isa = PBXSourcesBuildPhase;
			buildActionMask = 2147483647;
			files = (
				8040833576D7D9BC38A61B78 /* AppDelegate.swift in Sources */,
				3E9B7DB09F68001167072DF0 /* AppEnvironment.swift in Sources */,
				E6F66FDDB90BFE67CD070990 /* AppModelContainer.swift in Sources */,
				31CFFF8BC1D5F80F1D8FCF02 /* AppPermissionStatus.swift in Sources */,
				C69E6C6F9CE9E05AF268FE2A /* AppShell.swift in Sources */,
				D4011D6B13EB41FC78E7FCCD /* CaptureService.swift in Sources */,
				75702078CD900D5C85A583B6 /* Concurrency+Extensions.swift in Sources */,
				79B00FB89F6DCA4DF7A33ED4 /* DH+ChunkyShadow.swift in Sources */,
				20EF096D6D11BAC66687FE35 /* DH+Color.swift in Sources */,
				F4DFC1A552907B2F58E8153A /* DH+Fonts.swift in Sources */,
				EDFF469B66D685262FCE81F3 /* DH+Tokens.swift in Sources */,
				A528A87D755749FE1C990D3B /* DHButton.swift in Sources */,
				08F3DD2BC33E2F5C73BF965F /* DHCard.swift in Sources */,
				F99AF7FE261407C5A3AA42BE /* DHChip.swift in Sources */,
				6C052DD2E427A6C2B4F5366B /* DHHaptics.swift in Sources */,
				8047AC02F4BB590FA56B5FD2 /* DHTabBar.swift in Sources */,
				7D3FF7292903A32E234746FC /* DHWallpaper.swift in Sources */,
				AD5D7034448EAED39A7AC9CC /* DeepARClient.swift in Sources */,
				48A1BF761FFDFD8C5ABADF39 /* DeepARController+Parameters.swift in Sources */,
				765234480C28766F058036AD /* DeepARController+Recording.swift in Sources */,
				9415F7FE3A9E019D25477E0E /* DeepARController.swift in Sources */,
				DCEFD5C9D85346DF5C80D167 /* DeepARDelegateProxy.swift in Sources */,
				8427AF7F1AD2BAAAA2372024 /* DeepARLicense.swift in Sources */,
				CC6F483929F02A1013C47963 /* DeepARView.swift in Sources */,
				1F78799D16F460476BD2912F /* DefaultPermissionsService.swift in Sources */,
				A3EDB25296FCAA64B884DCF7 /* EffectCatalog.swift in Sources */,
				B723CB8AB36EF8F12B1DFBB3 /* EffectFile.swift in Sources */,
				5ED9C2082513C31FFCAFCC11 /* EffectParameter.swift in Sources */,
				30F16AA226DEB8D74E821564 /* EffectParameterMap.swift in Sources */,
				6F30CCFE4C5EB81EC03859D9 /* EffectSlot.swift in Sources */,
				1E8A7EFB01EFA649A0EF3BC3 /* EyesTrayView.swift in Sources */,
				16E8EA0727126040F0940210 /* FilterCategory.swift in Sources */,
				ADCFC682D7389A7A554D208A /* FilterRailView.swift in Sources */,
				2DF1C76511E729B61F5E41ED /* GRWMLogo.swift in Sources */,
				18D2EDEC67500C3E1B2685FA /* GRWMStudioApp.swift in Sources */,
				40913BB427E7D4731DCF1CD4 /* Logger+GRWM.swift in Sources */,
				921B72EC7927E48F6BFB9DE1 /* MakeupCategory.swift in Sources */,
				D0E69847C47B20ECCFCEA03F /* MakeupShade.swift in Sources */,
				B6E1E1AEF4009CBA71B3C1DA /* MirrorChrome.swift in Sources */,
				7328FEE722FD4A566C5D1A17 /* MirrorState.swift in Sources */,
				AA091675D06EA56A8D62354A /* MirrorView.swift in Sources */,
				EE65D90F35B9641BE5708449 /* MirrorViewModel.swift in Sources */,
				95AFEBCE5623260BF09A8D76 /* OnboardingState.swift in Sources */,
				FD6E10A1C4B681FD5D981A0C /* ParentInfoView.swift in Sources */,
				519BF781BF66EFC6ADA77713 /* PermRow.swift in Sources */,
				66D296E3E80B25DE4A682848 /* PermissionsDeniedView.swift in Sources */,
				DAE610C70DE2E31DB5C43A7C /* PermissionsService.swift in Sources */,
				A8187C9267C114BC44BA9152 /* PermissionsView.swift in Sources */,
				CD5C730D99C20A8A67A63AED /* ProfileRecord.swift in Sources */,
				04DDB5B3CC5F33EFA7EF227C /* RecordingService.swift in Sources */,
				9B227DF304ABA2C3AB0CF894 /* RootContainer.swift in Sources */,
				7B6F546F148AD1327C802860 /* RootCoordinator.swift in Sources */,
				1800B2D637206141971D7418 /* Shade.swift in Sources */,
				AC182FE4E08F66104B32FFDB /* ShadeTrayView.swift in Sources */,
				1B209F1B9C86C0624787BBAF /* Shades+Base.swift in Sources */,
				4CA779BCA5540FB75C118A8A /* Shades+Eyes.swift in Sources */,
				FEDD34ADA971035A527AB7BB /* Shades+Skin.swift in Sources */,
				F5E33B184140C7689A2797FE /* SlotSelection.swift in Sources */,
				71337A950998A0A1175144E9 /* SplashView.swift in Sources */,
				8F59D2B2DD31FE2D189FA9FD /* StickerBow.swift in Sources */,
				7EF79EF347D8F95885442153 /* StickerFlower.swift in Sources */,
				325AEE52E2D29C862240479A /* StickerHeart.swift in Sources */,
				E98942651A6E054EDBA27D74 /* StickerSparkle.swift in Sources */,
				33E0F275925F0FB81DEF741C /* StickerStar.swift in Sources */,
				2B18D53A6A67CBD558914653 /* URL+Documents.swift in Sources */,
				AD74E34BBD698F2D6728FAA6 /* WelcomeView.swift in Sources */,
			);
			runOnlyForDeploymentPostprocessing = 0;
		};
		D6C310171F33AB457671A0E1 /* Sources */ = {
			isa = PBXSourcesBuildPhase;
			buildActionMask = 2147483647;
			files = (
				5C15D1755F6DC63E2CCCBF1F /* GRWMStudioUITests.swift in Sources */,
			);
			runOnlyForDeploymentPostprocessing = 0;
		};
/* End PBXSourcesBuildPhase section */

/* Begin PBXTargetDependency section */
		112ED13C2486D56C7AA9AB4F /* PBXTargetDependency */ = {
			isa = PBXTargetDependency;
			target = 2E1F08A02DDB466A6B9F47FC /* GRWMStudio */;
			targetProxy = 5EA33C961619590F3B33C1E9 /* PBXContainerItemProxy */;
		};
		91D8AF8A892A939518EDAFB9 /* PBXTargetDependency */ = {
			isa = PBXTargetDependency;
			target = 2E1F08A02DDB466A6B9F47FC /* GRWMStudio */;
			targetProxy = AF85EC2919CE439D4716A05E /* PBXContainerItemProxy */;
		};
/* End PBXTargetDependency section */

/* Begin XCBuildConfiguration section */
		0D4C9C42A69F1875DC3E8CEB /* Release */ = {
			isa = XCBuildConfiguration;
			buildSettings = {
				ASSETCATALOG_COMPILER_APPICON_NAME = AppIcon;
				CODE_SIGN_IDENTITY = "iPhone Developer";
				CODE_SIGN_STYLE = Automatic;
				CURRENT_PROJECT_VERSION = 1;
				GENERATE_INFOPLIST_FILE = NO;
				INFOPLIST_FILE = GRWMStudio/Resources/Info.plist;
				IPHONEOS_DEPLOYMENT_TARGET = 17.0;
				LD_RUNPATH_SEARCH_PATHS = (
					"$(inherited)",
					"@executable_path/Frameworks",
				);
				MARKETING_VERSION = 1.0;
				PRODUCT_BUNDLE_IDENTIFIER = app.grwmstudio.ios;
				PRODUCT_NAME = GRWMStudio;
				SDKROOT = iphoneos;
				SUPPORTED_INTERFACE_ORIENTATIONS = UIInterfaceOrientationPortrait;
				TARGETED_DEVICE_FAMILY = 1;
			};
			name = Release;
		};
		3EE61BC4F2B7A80EDAA3D4C0 /* Release */ = {
			isa = XCBuildConfiguration;
			baseConfigurationReference = CD0278E1339612085DDDEBE0 /* Release.xcconfig */;
			buildSettings = {
				ALWAYS_SEARCH_USER_PATHS = NO;
				CLANG_ANALYZER_LOCALIZABILITY_NONLOCALIZED = YES;
				CLANG_ANALYZER_NONNULL = YES;
				CLANG_ANALYZER_NUMBER_OBJECT_CONVERSION = YES_AGGRESSIVE;
				CLANG_CXX_LANGUAGE_STANDARD = "gnu++14";
				CLANG_CXX_LIBRARY = "libc++";
				CLANG_ENABLE_MODULES = YES;
				CLANG_ENABLE_OBJC_ARC = YES;
				CLANG_ENABLE_OBJC_WEAK = YES;
				CLANG_WARN_BLOCK_CAPTURE_AUTORELEASING = YES;
				CLANG_WARN_BOOL_CONVERSION = YES;
				CLANG_WARN_COMMA = YES;
				CLANG_WARN_CONSTANT_CONVERSION = YES;
				CLANG_WARN_DEPRECATED_OBJC_IMPLEMENTATIONS = YES;
				CLANG_WARN_DIRECT_OBJC_ISA_USAGE = YES_ERROR;
				CLANG_WARN_DOCUMENTATION_COMMENTS = YES;
				CLANG_WARN_EMPTY_BODY = YES;
				CLANG_WARN_ENUM_CONVERSION = YES;
				CLANG_WARN_INFINITE_RECURSION = YES;
				CLANG_WARN_INT_CONVERSION = YES;
				CLANG_WARN_NON_LITERAL_NULL_CONVERSION = YES;
				CLANG_WARN_OBJC_IMPLICIT_RETAIN_SELF = YES;
				CLANG_WARN_OBJC_LITERAL_CONVERSION = YES;
				CLANG_WARN_OBJC_ROOT_CLASS = YES_ERROR;
				CLANG_WARN_QUOTED_INCLUDE_IN_FRAMEWORK_HEADER = YES;
				CLANG_WARN_RANGE_LOOP_ANALYSIS = YES;
				CLANG_WARN_STRICT_PROTOTYPES = YES;
				CLANG_WARN_SUSPICIOUS_MOVE = YES;
				CLANG_WARN_UNGUARDED_AVAILABILITY = YES_AGGRESSIVE;
				CLANG_WARN_UNREACHABLE_CODE = YES;
				CLANG_WARN__DUPLICATE_METHOD_MATCH = YES;
				COPY_PHASE_STRIP = NO;
				DEBUG_INFORMATION_FORMAT = "dwarf-with-dsym";
				DEVELOPMENT_TEAM = 84D222Q647;
				ENABLE_BITCODE = NO;
				ENABLE_NS_ASSERTIONS = NO;
				ENABLE_STRICT_OBJC_MSGSEND = YES;
				"EXCLUDED_ARCHS[sdk=iphonesimulator*]" = arm64;
				GCC_C_LANGUAGE_STANDARD = gnu11;
				GCC_NO_COMMON_BLOCKS = YES;
				GCC_WARN_64_TO_32_BIT_CONVERSION = YES;
				GCC_WARN_ABOUT_RETURN_TYPE = YES_ERROR;
				GCC_WARN_UNDECLARED_SELECTOR = YES;
				GCC_WARN_UNINITIALIZED_AUTOS = YES_AGGRESSIVE;
				GCC_WARN_UNUSED_FUNCTION = YES;
				GCC_WARN_UNUSED_VARIABLE = YES;
				IPHONEOS_DEPLOYMENT_TARGET = 17.0;
				MTL_ENABLE_DEBUG_INFO = NO;
				MTL_FAST_MATH = YES;
				PRODUCT_NAME = "$(TARGET_NAME)";
				SDKROOT = iphoneos;
				SWIFT_COMPILATION_MODE = wholemodule;
				SWIFT_VERSION = 6.0;
				TARGETED_DEVICE_FAMILY = 1;
			};
			name = Release;
		};
		5342E7353418E27B0C34FCC2 /* Release */ = {
			isa = XCBuildConfiguration;
			buildSettings = {
				BUNDLE_LOADER = "$(TEST_HOST)";
				GENERATE_INFOPLIST_FILE = YES;
				IPHONEOS_DEPLOYMENT_TARGET = 17.0;
				LD_RUNPATH_SEARCH_PATHS = (
					"$(inherited)",
					"@executable_path/Frameworks",
					"@loader_path/Frameworks",
				);
				PRODUCT_BUNDLE_IDENTIFIER = app.grwmstudio.ios.tests;
				PRODUCT_NAME = GRWMStudioTests;
				SDKROOT = iphoneos;
				TARGETED_DEVICE_FAMILY = 1;
				TEST_HOST = "$(BUILT_PRODUCTS_DIR)/GRWMStudio.app/$(BUNDLE_EXECUTABLE_FOLDER_PATH)/GRWMStudio";
			};
			name = Release;
		};
		78C7E4DA0F8F36CFE59BC5FB /* Debug */ = {
			isa = XCBuildConfiguration;
			buildSettings = {
				BUNDLE_LOADER = "$(TEST_HOST)";
				GENERATE_INFOPLIST_FILE = YES;
				IPHONEOS_DEPLOYMENT_TARGET = 17.0;
				LD_RUNPATH_SEARCH_PATHS = (
					"$(inherited)",
					"@executable_path/Frameworks",
					"@loader_path/Frameworks",
				);
				PRODUCT_BUNDLE_IDENTIFIER = app.grwmstudio.ios.tests;
				PRODUCT_NAME = GRWMStudioTests;
				SDKROOT = iphoneos;
				TARGETED_DEVICE_FAMILY = 1;
				TEST_HOST = "$(BUILT_PRODUCTS_DIR)/GRWMStudio.app/$(BUNDLE_EXECUTABLE_FOLDER_PATH)/GRWMStudio";
			};
			name = Debug;
		};
		D0CB035158BA0BBBDFB0BC8B /* Debug */ = {
			isa = XCBuildConfiguration;
			baseConfigurationReference = DF454D14E2FFA94365BA70A0 /* Debug.xcconfig */;
			buildSettings = {
				ALWAYS_SEARCH_USER_PATHS = NO;
				CLANG_ANALYZER_LOCALIZABILITY_NONLOCALIZED = YES;
				CLANG_ANALYZER_NONNULL = YES;
				CLANG_ANALYZER_NUMBER_OBJECT_CONVERSION = YES_AGGRESSIVE;
				CLANG_CXX_LANGUAGE_STANDARD = "gnu++14";
				CLANG_CXX_LIBRARY = "libc++";
				CLANG_ENABLE_MODULES = YES;
				CLANG_ENABLE_OBJC_ARC = YES;
				CLANG_ENABLE_OBJC_WEAK = YES;
				CLANG_WARN_BLOCK_CAPTURE_AUTORELEASING = YES;
				CLANG_WARN_BOOL_CONVERSION = YES;
				CLANG_WARN_COMMA = YES;
				CLANG_WARN_CONSTANT_CONVERSION = YES;
				CLANG_WARN_DEPRECATED_OBJC_IMPLEMENTATIONS = YES;
				CLANG_WARN_DIRECT_OBJC_ISA_USAGE = YES_ERROR;
				CLANG_WARN_DOCUMENTATION_COMMENTS = YES;
				CLANG_WARN_EMPTY_BODY = YES;
				CLANG_WARN_ENUM_CONVERSION = YES;
				CLANG_WARN_INFINITE_RECURSION = YES;
				CLANG_WARN_INT_CONVERSION = YES;
				CLANG_WARN_NON_LITERAL_NULL_CONVERSION = YES;
				CLANG_WARN_OBJC_IMPLICIT_RETAIN_SELF = YES;
				CLANG_WARN_OBJC_LITERAL_CONVERSION = YES;
				CLANG_WARN_OBJC_ROOT_CLASS = YES_ERROR;
				CLANG_WARN_QUOTED_INCLUDE_IN_FRAMEWORK_HEADER = YES;
				CLANG_WARN_RANGE_LOOP_ANALYSIS = YES;
				CLANG_WARN_STRICT_PROTOTYPES = YES;
				CLANG_WARN_SUSPICIOUS_MOVE = YES;
				CLANG_WARN_UNGUARDED_AVAILABILITY = YES_AGGRESSIVE;
				CLANG_WARN_UNREACHABLE_CODE = YES;
				CLANG_WARN__DUPLICATE_METHOD_MATCH = YES;
				COPY_PHASE_STRIP = NO;
				DEBUG_INFORMATION_FORMAT = dwarf;
				DEVELOPMENT_TEAM = 84D222Q647;
				ENABLE_BITCODE = NO;
				ENABLE_STRICT_OBJC_MSGSEND = YES;
				ENABLE_TESTABILITY = YES;
				"EXCLUDED_ARCHS[sdk=iphonesimulator*]" = arm64;
				GCC_C_LANGUAGE_STANDARD = gnu11;
				GCC_DYNAMIC_NO_PIC = NO;
				GCC_NO_COMMON_BLOCKS = YES;
				GCC_OPTIMIZATION_LEVEL = 0;
				GCC_WARN_64_TO_32_BIT_CONVERSION = YES;
				GCC_WARN_ABOUT_RETURN_TYPE = YES_ERROR;
				GCC_WARN_UNDECLARED_SELECTOR = YES;
				GCC_WARN_UNINITIALIZED_AUTOS = YES_AGGRESSIVE;
				GCC_WARN_UNUSED_FUNCTION = YES;
				GCC_WARN_UNUSED_VARIABLE = YES;
				IPHONEOS_DEPLOYMENT_TARGET = 17.0;
				MTL_ENABLE_DEBUG_INFO = INCLUDE_SOURCE;
				MTL_FAST_MATH = YES;
				ONLY_ACTIVE_ARCH = YES;
				PRODUCT_NAME = "$(TARGET_NAME)";
				SDKROOT = iphoneos;
				SWIFT_OPTIMIZATION_LEVEL = "-Onone";
				SWIFT_VERSION = 6.0;
				TARGETED_DEVICE_FAMILY = 1;
			};
			name = Debug;
		};
		DA6E7D0C2A470E73C5D32B0E /* Debug */ = {
			isa = XCBuildConfiguration;
			buildSettings = {
				ASSETCATALOG_COMPILER_APPICON_NAME = AppIcon;
				CODE_SIGN_IDENTITY = "iPhone Developer";
				CODE_SIGN_STYLE = Automatic;
				CURRENT_PROJECT_VERSION = 1;
				GENERATE_INFOPLIST_FILE = NO;
				INFOPLIST_FILE = GRWMStudio/Resources/Info.plist;
				IPHONEOS_DEPLOYMENT_TARGET = 17.0;
				LD_RUNPATH_SEARCH_PATHS = (
					"$(inherited)",
					"@executable_path/Frameworks",
				);
				MARKETING_VERSION = 1.0;
				PRODUCT_BUNDLE_IDENTIFIER = app.grwmstudio.ios;
				PRODUCT_NAME = GRWMStudio;
				SDKROOT = iphoneos;
				SUPPORTED_INTERFACE_ORIENTATIONS = UIInterfaceOrientationPortrait;
				TARGETED_DEVICE_FAMILY = 1;
			};
			name = Debug;
		};
		E1EB416FD398384B4AF97BF2 /* Debug */ = {
			isa = XCBuildConfiguration;
			buildSettings = {
				BUNDLE_LOADER = "$(TEST_HOST)";
				GENERATE_INFOPLIST_FILE = YES;
				IPHONEOS_DEPLOYMENT_TARGET = 17.0;
				LD_RUNPATH_SEARCH_PATHS = (
					"$(inherited)",
					"@executable_path/Frameworks",
					"@loader_path/Frameworks",
				);
				PRODUCT_BUNDLE_IDENTIFIER = app.grwmstudio.ios.uitests;
				PRODUCT_NAME = GRWMStudioUITests;
				SDKROOT = iphoneos;
				TARGETED_DEVICE_FAMILY = 1;
				TEST_TARGET_NAME = GRWMStudio;
			};
			name = Debug;
		};
		FA3C93F3D7BA7D66C678A87E /* Release */ = {
			isa = XCBuildConfiguration;
			buildSettings = {
				BUNDLE_LOADER = "$(TEST_HOST)";
				GENERATE_INFOPLIST_FILE = YES;
				IPHONEOS_DEPLOYMENT_TARGET = 17.0;
				LD_RUNPATH_SEARCH_PATHS = (
					"$(inherited)",
					"@executable_path/Frameworks",
					"@loader_path/Frameworks",
				);
				PRODUCT_BUNDLE_IDENTIFIER = app.grwmstudio.ios.uitests;
				PRODUCT_NAME = GRWMStudioUITests;
				SDKROOT = iphoneos;
				TARGETED_DEVICE_FAMILY = 1;
				TEST_TARGET_NAME = GRWMStudio;
			};
			name = Release;
		};
/* End XCBuildConfiguration section */

/* Begin XCConfigurationList section */
		6714271872FAD029F5492DFA /* Build configuration list for PBXProject "GRWMStudio" */ = {
			isa = XCConfigurationList;
			buildConfigurations = (
				D0CB035158BA0BBBDFB0BC8B /* Debug */,
				3EE61BC4F2B7A80EDAA3D4C0 /* Release */,
			);
			defaultConfigurationIsVisible = 0;
			defaultConfigurationName = Debug;
		};
		71829CC610789A5FD23FC2C2 /* Build configuration list for PBXNativeTarget "GRWMStudioUITests" */ = {
			isa = XCConfigurationList;
			buildConfigurations = (
				E1EB416FD398384B4AF97BF2 /* Debug */,
				FA3C93F3D7BA7D66C678A87E /* Release */,
			);
			defaultConfigurationIsVisible = 0;
			defaultConfigurationName = Debug;
		};
		8B84C32CE3DD54986DB91D7D /* Build configuration list for PBXNativeTarget "GRWMStudio" */ = {
			isa = XCConfigurationList;
			buildConfigurations = (
				DA6E7D0C2A470E73C5D32B0E /* Debug */,
				0D4C9C42A69F1875DC3E8CEB /* Release */,
			);
			defaultConfigurationIsVisible = 0;
			defaultConfigurationName = Debug;
		};
		F4DD6DFF2749E91D0C651DB3 /* Build configuration list for PBXNativeTarget "GRWMStudioTests" */ = {
			isa = XCConfigurationList;
			buildConfigurations = (
				78C7E4DA0F8F36CFE59BC5FB /* Debug */,
				5342E7353418E27B0C34FCC2 /* Release */,
			);
			defaultConfigurationIsVisible = 0;
			defaultConfigurationName = Debug;
		};
/* End XCConfigurationList section */

/* Begin XCRemoteSwiftPackageReference section */
		89511AE3E9D1F05A5798D280 /* XCRemoteSwiftPackageReference "swift-deepar" */ = {
			isa = XCRemoteSwiftPackageReference;
			repositoryURL = "https://github.com/DeepARSDK/swift-deepar";
			requirement = {
				kind = upToNextMajorVersion;
				minimumVersion = 5.6.22;
			};
		};
/* End XCRemoteSwiftPackageReference section */

/* Begin XCSwiftPackageProductDependency section */
		9DEF67174A07A925B0EF59D6 /* DeepAR */ = {
			isa = XCSwiftPackageProductDependency;
			package = 89511AE3E9D1F05A5798D280 /* XCRemoteSwiftPackageReference "swift-deepar" */;
			productName = DeepAR;
		};
/* End XCSwiftPackageProductDependency section */
	};
	rootObject = A2025FA7C86AC19AB26FB6BE /* Project object */;
}
